// !$*UTF8*$!
{
	archiveVersion = 1;
	classes = {
	};
	objectVersion = 50;
	objects = {

/* Begin PBXBuildFile section */
		CD409BF72109D65800B647AE /* AppDelegate.m in Sources */ = {isa = PBXBuildFile; fileRef = CD409BF62109D65800B647AE /* AppDelegate.m */; };
		CD409BFA2109D65800B647AE /* ViewController.m in Sources */ = {isa = PBXBuildFile; fileRef = CD409BF92109D65800B647AE /* ViewController.m */; };
		CD409BFD2109D65800B647AE /* Main.storyboard in Resources */ = {isa = PBXBuildFile; fileRef = CD409BFB2109D65800B647AE /* Main.storyboard */; };
		CD409BFF2109D65E00B647AE /* Assets.xcassets in Resources */ = {isa = PBXBuildFile; fileRef = CD409BFE2109D65E00B647AE /* Assets.xcassets */; };
		CD409C022109D65E00B647AE /* LaunchScreen.storyboard in Resources */ = {isa = PBXBuildFile; fileRef = CD409C002109D65E00B647AE /* LaunchScreen.storyboard */; };
		CD409C052109D65E00B647AE /* main.m in Sources */ = {isa = PBXBuildFile; fileRef = CD409C042109D65E00B647AE /* main.m */; };
		CD409C0F2109D65E00B647AE /* FactoryMethedTests.m in Sources */ = {isa = PBXBuildFile; fileRef = CD409C0E2109D65E00B647AE /* FactoryMethedTests.m */; };
		CD409C492109D6EB00B647AE /* BasePlaceholerCell.m in Sources */ = {isa = PBXBuildFile; fileRef = CD409C232109D6EB00B647AE /* BasePlaceholerCell.m */; };
		CD409C4A2109D6EB00B647AE /* BasePlaceholerCell.xib in Resources */ = {isa = PBXBuildFile; fileRef = CD409C242109D6EB00B647AE /* BasePlaceholerCell.xib */; };
		CD409C4B2109D6EB00B647AE /* BasePlaceholerCellModel.m in Sources */ = {isa = PBXBuildFile; fileRef = CD409C262109D6EB00B647AE /* BasePlaceholerCellModel.m */; };
		CD409C4C2109D6EB00B647AE /* BaseTitleBigCell.m in Sources */ = {isa = PBXBuildFile; fileRef = CD409C292109D6EB00B647AE /* BaseTitleBigCell.m */; };
		CD409C4D2109D6EB00B647AE /* BaseTitleBigCell.xib in Resources */ = {isa = PBXBuildFile; fileRef = CD409C2A2109D6EB00B647AE /* BaseTitleBigCell.xib */; };
		CD409C4E2109D6EB00B647AE /* BaseTitleBigCellModel.m in Sources */ = {isa = PBXBuildFile; fileRef = CD409C2C2109D6EB00B647AE /* BaseTitleBigCellModel.m */; };
		CD409C4F2109D6EB00B647AE /* BaseTitleIndicatorCell.m in Sources */ = {isa = PBXBuildFile; fileRef = CD409C2F2109D6EB00B647AE /* BaseTitleIndicatorCell.m */; };
		CD409C502109D6EB00B647AE /* BaseTitleIndicatorCell.xib in Resources */ = {isa = PBXBuildFile; fileRef = CD409C302109D6EB00B647AE /* BaseTitleIndicatorCell.xib */; };
		CD409C512109D6EB00B647AE /* BaseTitleIndicatorCellModel.m in Sources */ = {isa = PBXBuildFile; fileRef = CD409C322109D6EB00B647AE /* BaseTitleIndicatorCellModel.m */; };
		CD409C522109D6EB00B647AE /* BaseTitleSwitchCell.m in Sources */ = {isa = PBXBuildFile; fileRef = CD409C352109D6EB00B647AE /* BaseTitleSwitchCell.m */; };
		CD409C532109D6EB00B647AE /* BaseTitleSwitchCell.xib in Resources */ = {isa = PBXBuildFile; fileRef = CD409C362109D6EB00B647AE /* BaseTitleSwitchCell.xib */; };
		CD409C542109D6EB00B647AE /* BaseTitleSwitchCellModel.m in Sources */ = {isa = PBXBuildFile; fileRef = CD409C382109D6EB00B647AE /* BaseTitleSwitchCellModel.m */; };
		CD409C552109D6EB00B647AE /* BaseTitleTextFieldCell.m in Sources */ = {isa = PBXBuildFile; fileRef = CD409C3B2109D6EB00B647AE /* BaseTitleTextFieldCell.m */; };
		CD409C562109D6EB00B647AE /* BaseTitleTextFieldCell.xib in Resources */ = {isa = PBXBuildFile; fileRef = CD409C3C2109D6EB00B647AE /* BaseTitleTextFieldCell.xib */; };
		CD409C572109D6EB00B647AE /* BaseTitleTextFieldCellModel.m in Sources */ = {isa = PBXBuildFile; fileRef = CD409C3E2109D6EB00B647AE /* BaseTitleTextFieldCellModel.m */; };
		CD409C582109D6EB00B647AE /* BaseTableViewCell.m in Sources */ = {isa = PBXBuildFile; fileRef = CD409C402109D6EB00B647AE /* BaseTableViewCell.m */; };
		CD409C592109D6EB00B647AE /* BaseTableViewCellModel.m in Sources */ = {isa = PBXBuildFile; fileRef = CD409C422109D6EB00B647AE /* BaseTableViewCellModel.m */; };
		CD409C5A2109D6EB00B647AE /* BaseTableViewDelegate.m in Sources */ = {isa = PBXBuildFile; fileRef = CD409C442109D6EB00B647AE /* BaseTableViewDelegate.m */; };
		CD409C66210AB38800B647AE /* FMImageTableViewCell.m in Sources */ = {isa = PBXBuildFile; fileRef = CD409C64210AB38800B647AE /* FMImageTableViewCell.m */; };
		CD409C67210AB38800B647AE /* FMImageTableViewCell.xib in Resources */ = {isa = PBXBuildFile; fileRef = CD409C65210AB38800B647AE /* FMImageTableViewCell.xib */; };
		CD409C6A210AB76200B647AE /* FMImageTableViewCellModel.m in Sources */ = {isa = PBXBuildFile; fileRef = CD409C69210AB76200B647AE /* FMImageTableViewCellModel.m */; };
		CD409C6E210AB80500B647AE /* DAUITool.m in Sources */ = {isa = PBXBuildFile; fileRef = CD409C6D210AB80500B647AE /* DAUITool.m */; };
		CD409C71210AB8BA00B647AE /* FMMainTableViewDelegate.m in Sources */ = {isa = PBXBuildFile; fileRef = CD409C70210AB8BA00B647AE /* FMMainTableViewDelegate.m */; };
		CD409C75210AEEAA00B647AE /* FMViewModel.m in Sources */ = {isa = PBXBuildFile; fileRef = CD409C74210AEEAA00B647AE /* FMViewModel.m */; };
/* End PBXBuildFile section */

/* Begin PBXContainerItemProxy section */
		CD409C0B2109D65E00B647AE /* PBXContainerItemProxy */ = {
			isa = PBXContainerItemProxy;
			containerPortal = CD409BEA2109D65800B647AE /* Project object */;
			proxyType = 1;
			remoteGlobalIDString = CD409BF12109D65800B647AE;
			remoteInfo = FactoryMethed;
		};
/* End PBXContainerItemProxy section */

/* Begin PBXFileReference section */
		CD409BF22109D65800B647AE /* FactoryMethed.app */ = {isa = PBXFileReference; explicitFileType = wrapper.application; includeInIndex = 0; path = FactoryMethed.app; sourceTree = BUILT_PRODUCTS_DIR; };
		CD409BF52109D65800B647AE /* AppDelegate.h */ = {isa = PBXFileReference; lastKnownFileType = sourcecode.c.h; path = AppDelegate.h; sourceTree = "<group>"; };
		CD409BF62109D65800B647AE /* AppDelegate.m */ = {isa = PBXFileReference; lastKnownFileType = sourcecode.c.objc; path = AppDelegate.m; sourceTree = "<group>"; };
		CD409BF82109D65800B647AE /* ViewController.h */ = {isa = PBXFileReference; lastKnownFileType = sourcecode.c.h; path = ViewController.h; sourceTree = "<group>"; };
		CD409BF92109D65800B647AE /* ViewController.m */ = {isa = PBXFileReference; lastKnownFileType = sourcecode.c.objc; path = ViewController.m; sourceTree = "<group>"; };
		CD409BFC2109D65800B647AE /* Base */ = {isa = PBXFileReference; lastKnownFileType = file.storyboard; name = Base; path = Base.lproj/Main.storyboard; sourceTree = "<group>"; };
		CD409BFE2109D65E00B647AE /* Assets.xcassets */ = {isa = PBXFileReference; lastKnownFileType = folder.assetcatalog; path = Assets.xcassets; sourceTree = "<group>"; };
		CD409C012109D65E00B647AE /* Base */ = {isa = PBXFileReference; lastKnownFileType = file.storyboard; name = Base; path = Base.lproj/LaunchScreen.storyboard; sourceTree = "<group>"; };
		CD409C032109D65E00B647AE /* Info.plist */ = {isa = PBXFileReference; lastKnownFileType = text.plist.xml; path = Info.plist; sourceTree = "<group>"; };
		CD409C042109D65E00B647AE /* main.m */ = {isa = PBXFileReference; lastKnownFileType = sourcecode.c.objc; path = main.m; sourceTree = "<group>"; };
		CD409C0A2109D65E00B647AE /* FactoryMethedTests.xctest */ = {isa = PBXFileReference; explicitFileType = wrapper.cfbundle; includeInIndex = 0; path = FactoryMethedTests.xctest; sourceTree = BUILT_PRODUCTS_DIR; };
		CD409C0E2109D65E00B647AE /* FactoryMethedTests.m */ = {isa = PBXFileReference; lastKnownFileType = sourcecode.c.objc; path = FactoryMethedTests.m; sourceTree = "<group>"; };
		CD409C102109D65E00B647AE /* Info.plist */ = {isa = PBXFileReference; lastKnownFileType = text.plist.xml; path = Info.plist; sourceTree = "<group>"; };
		CD409C222109D6EB00B647AE /* BasePlaceholerCell.h */ = {isa = PBXFileReference; fileEncoding = 4; lastKnownFileType = sourcecode.c.h; path = BasePlaceholerCell.h; sourceTree = "<group>"; };
		CD409C232109D6EB00B647AE /* BasePlaceholerCell.m */ = {isa = PBXFileReference; fileEncoding = 4; lastKnownFileType = sourcecode.c.objc; path = BasePlaceholerCell.m; sourceTree = "<group>"; };
		CD409C242109D6EB00B647AE /* BasePlaceholerCell.xib */ = {isa = PBXFileReference; fileEncoding = 4; lastKnownFileType = file.xib; path = BasePlaceholerCell.xib; sourceTree = "<group>"; };
		CD409C252109D6EB00B647AE /* BasePlaceholerCellModel.h */ = {isa = PBXFileReference; fileEncoding = 4; lastKnownFileType = sourcecode.c.h; path = BasePlaceholerCellModel.h; sourceTree = "<group>"; };
		CD409C262109D6EB00B647AE /* BasePlaceholerCellModel.m */ = {isa = PBXFileReference; fileEncoding = 4; lastKnownFileType = sourcecode.c.objc; path = BasePlaceholerCellModel.m; sourceTree = "<group>"; };
		CD409C282109D6EB00B647AE /* BaseTitleBigCell.h */ = {isa = PBXFileReference; fileEncoding = 4; lastKnownFileType = sourcecode.c.h; path = BaseTitleBigCell.h; sourceTree = "<group>"; };
		CD409C292109D6EB00B647AE /* BaseTitleBigCell.m */ = {isa = PBXFileReference; fileEncoding = 4; lastKnownFileType = sourcecode.c.objc; path = BaseTitleBigCell.m; sourceTree = "<group>"; };
		CD409C2A2109D6EB00B647AE /* BaseTitleBigCell.xib */ = {isa = PBXFileReference; fileEncoding = 4; lastKnownFileType = file.xib; path = BaseTitleBigCell.xib; sourceTree = "<group>"; };
		CD409C2B2109D6EB00B647AE /* BaseTitleBigCellModel.h */ = {isa = PBXFileReference; fileEncoding = 4; lastKnownFileType = sourcecode.c.h; path = BaseTitleBigCellModel.h; sourceTree = "<group>"; };
		CD409C2C2109D6EB00B647AE /* BaseTitleBigCellModel.m */ = {isa = PBXFileReference; fileEncoding = 4; lastKnownFileType = sourcecode.c.objc; path = BaseTitleBigCellModel.m; sourceTree = "<group>"; };
		CD409C2E2109D6EB00B647AE /* BaseTitleIndicatorCell.h */ = {isa = PBXFileReference; fileEncoding = 4; lastKnownFileType = sourcecode.c.h; path = BaseTitleIndicatorCell.h; sourceTree = "<group>"; };
		CD409C2F2109D6EB00B647AE /* BaseTitleIndicatorCell.m */ = {isa = PBXFileReference; fileEncoding = 4; lastKnownFileType = sourcecode.c.objc; path = BaseTitleIndicatorCell.m; sourceTree = "<group>"; };
		CD409C302109D6EB00B647AE /* BaseTitleIndicatorCell.xib */ = {isa = PBXFileReference; fileEncoding = 4; lastKnownFileType = file.xib; path = BaseTitleIndicatorCell.xib; sourceTree = "<group>"; };
		CD409C312109D6EB00B647AE /* BaseTitleIndicatorCellModel.h */ = {isa = PBXFileReference; fileEncoding = 4; lastKnownFileType = sourcecode.c.h; path = BaseTitleIndicatorCellModel.h; sourceTree = "<group>"; };
		CD409C322109D6EB00B647AE /* BaseTitleIndicatorCellModel.m */ = {isa = PBXFileReference; fileEncoding = 4; lastKnownFileType = sourcecode.c.objc; path = BaseTitleIndicatorCellModel.m; sourceTree = "<group>"; };
		CD409C342109D6EB00B647AE /* BaseTitleSwitchCell.h */ = {isa = PBXFileReference; fileEncoding = 4; lastKnownFileType = sourcecode.c.h; path = BaseTitleSwitchCell.h; sourceTree = "<group>"; };
		CD409C352109D6EB00B647AE /* BaseTitleSwitchCell.m */ = {isa = PBXFileReference; fileEncoding = 4; lastKnownFileType = sourcecode.c.objc; path = BaseTitleSwitchCell.m; sourceTree = "<group>"; };
		CD409C362109D6EB00B647AE /* BaseTitleSwitchCell.xib */ = {isa = PBXFileReference; fileEncoding = 4; lastKnownFileType = file.xib; path = BaseTitleSwitchCell.xib; sourceTree = "<group>"; };
		CD409C372109D6EB00B647AE /* BaseTitleSwitchCellModel.h */ = {isa = PBXFileReference; fileEncoding = 4; lastKnownFileType = sourcecode.c.h; path = BaseTitleSwitchCellModel.h; sourceTree = "<group>"; };
		CD409C382109D6EB00B647AE /* BaseTitleSwitchCellModel.m */ = {isa = PBXFileReference; fileEncoding = 4; lastKnownFileType = sourcecode.c.objc; path = BaseTitleSwitchCellModel.m; sourceTree = "<group>"; };
		CD409C3A2109D6EB00B647AE /* BaseTitleTextFieldCell.h */ = {isa = PBXFileReference; fileEncoding = 4; lastKnownFileType = sourcecode.c.h; path = BaseTitleTextFieldCell.h; sourceTree = "<group>"; };
		CD409C3B2109D6EB00B647AE /* BaseTitleTextFieldCell.m */ = {isa = PBXFileReference; fileEncoding = 4; lastKnownFileType = sourcecode.c.objc; path = BaseTitleTextFieldCell.m; sourceTree = "<group>"; };
		CD409C3C2109D6EB00B647AE /* BaseTitleTextFieldCell.xib */ = {isa = PBXFileReference; fileEncoding = 4; lastKnownFileType = file.xib; path = BaseTitleTextFieldCell.xib; sourceTree = "<group>"; };
		CD409C3D2109D6EB00B647AE /* BaseTitleTextFieldCellModel.h */ = {isa = PBXFileReference; fileEncoding = 4; lastKnownFileType = sourcecode.c.h; path = BaseTitleTextFieldCellModel.h; sourceTree = "<group>"; };
		CD409C3E2109D6EB00B647AE /* BaseTitleTextFieldCellModel.m */ = {isa = PBXFileReference; fileEncoding = 4; lastKnownFileType = sourcecode.c.objc; path = BaseTitleTextFieldCellModel.m; sourceTree = "<group>"; };
		CD409C3F2109D6EB00B647AE /* BaseTableViewCell.h */ = {isa = PBXFileReference; fileEncoding = 4; lastKnownFileType = sourcecode.c.h; path = BaseTableViewCell.h; sourceTree = "<group>"; };
		CD409C402109D6EB00B647AE /* BaseTableViewCell.m */ = {isa = PBXFileReference; fileEncoding = 4; lastKnownFileType = sourcecode.c.objc; path = BaseTableViewCell.m; sourceTree = "<group>"; };
		CD409C412109D6EB00B647AE /* BaseTableViewCellModel.h */ = {isa = PBXFileReference; fileEncoding = 4; lastKnownFileType = sourcecode.c.h; path = BaseTableViewCellModel.h; sourceTree = "<group>"; };
		CD409C422109D6EB00B647AE /* BaseTableViewCellModel.m */ = {isa = PBXFileReference; fileEncoding = 4; lastKnownFileType = sourcecode.c.objc; path = BaseTableViewCellModel.m; sourceTree = "<group>"; };
		CD409C432109D6EB00B647AE /* BaseTableViewDelegate.h */ = {isa = PBXFileReference; fileEncoding = 4; lastKnownFileType = sourcecode.c.h; path = BaseTableViewDelegate.h; sourceTree = "<group>"; };
		CD409C442109D6EB00B647AE /* BaseTableViewDelegate.m */ = {isa = PBXFileReference; fileEncoding = 4; lastKnownFileType = sourcecode.c.objc; path = BaseTableViewDelegate.m; sourceTree = "<group>"; };
		CD409C5B2109D86500B647AE /* FactoryMethed-Prefix.pch */ = {isa = PBXFileReference; lastKnownFileType = sourcecode.c.h; path = "FactoryMethed-Prefix.pch"; sourceTree = "<group>"; };
		CD409C5E2109D8A100B647AE /* UIMacros.h */ = {isa = PBXFileReference; fileEncoding = 4; lastKnownFileType = sourcecode.c.h; path = UIMacros.h; sourceTree = "<group>"; };
		CD409C63210AB38800B647AE /* FMImageTableViewCell.h */ = {isa = PBXFileReference; lastKnownFileType = sourcecode.c.h; path = FMImageTableViewCell.h; sourceTree = "<group>"; };
		CD409C64210AB38800B647AE /* FMImageTableViewCell.m */ = {isa = PBXFileReference; lastKnownFileType = sourcecode.c.objc; path = FMImageTableViewCell.m; sourceTree = "<group>"; };
		CD409C65210AB38800B647AE /* FMImageTableViewCell.xib */ = {isa = PBXFileReference; lastKnownFileType = file.xib; path = FMImageTableViewCell.xib; sourceTree = "<group>"; };
		CD409C68210AB76200B647AE /* FMImageTableViewCellModel.h */ = {isa = PBXFileReference; lastKnownFileType = sourcecode.c.h; path = FMImageTableViewCellModel.h; sourceTree = "<group>"; };
		CD409C69210AB76200B647AE /* FMImageTableViewCellModel.m */ = {isa = PBXFileReference; lastKnownFileType = sourcecode.c.objc; path = FMImageTableViewCellModel.m; sourceTree = "<group>"; };
		CD409C6C210AB80500B647AE /* DAUITool.h */ = {isa = PBXFileReference; fileEncoding = 4; lastKnownFileType = sourcecode.c.h; path = DAUITool.h; sourceTree = "<group>"; };
		CD409C6D210AB80500B647AE /* DAUITool.m */ = {isa = PBXFileReference; fileEncoding = 4; lastKnownFileType = sourcecode.c.objc; path = DAUITool.m; sourceTree = "<group>"; };
		CD409C6F210AB8BA00B647AE /* FMMainTableViewDelegate.h */ = {isa = PBXFileReference; lastKnownFileType = sourcecode.c.h; path = FMMainTableViewDelegate.h; sourceTree = "<group>"; };
		CD409C70210AB8BA00B647AE /* FMMainTableViewDelegate.m */ = {isa = PBXFileReference; lastKnownFileType = sourcecode.c.objc; path = FMMainTableViewDelegate.m; sourceTree = "<group>"; };
		CD409C73210AEEAA00B647AE /* FMViewModel.h */ = {isa = PBXFileReference; lastKnownFileType = sourcecode.c.h; path = FMViewModel.h; sourceTree = "<group>"; };
		CD409C74210AEEAA00B647AE /* FMViewModel.m */ = {isa = PBXFileReference; lastKnownFileType = sourcecode.c.objc; path = FMViewModel.m; sourceTree = "<group>"; };
/* End PBXFileReference section */

/* Begin PBXFrameworksBuildPhase section */
		CD409BEF2109D65800B647AE /* Frameworks */ = {
			isa = PBXFrameworksBuildPhase;
			buildActionMask = 2147483647;
			files = (
			);
			runOnlyForDeploymentPostprocessing = 0;
		};
		CD409C072109D65E00B647AE /* Frameworks */ = {
			isa = PBXFrameworksBuildPhase;
			buildActionMask = 2147483647;
			files = (
			);
			runOnlyForDeploymentPostprocessing = 0;
		};
/* End PBXFrameworksBuildPhase section */

/* Begin PBXGroup section */
		CD409BE92109D65800B647AE = {
			isa = PBXGroup;
			children = (
				CD409BF42109D65800B647AE /* FactoryMethed */,
				CD409C0D2109D65E00B647AE /* FactoryMethedTests */,
				CD409BF32109D65800B647AE /* Products */,
			);
			sourceTree = "<group>";
		};
		CD409BF32109D65800B647AE /* Products */ = {
			isa = PBXGroup;
			children = (
				CD409BF22109D65800B647AE /* FactoryMethed.app */,
				CD409C0A2109D65E00B647AE /* FactoryMethedTests.xctest */,
			);
			name = Products;
			sourceTree = "<group>";
		};
		CD409BF42109D65800B647AE /* FactoryMethed */ = {
			isa = PBXGroup;
			children = (
				CD409C602109DD4800B647AE /* VC */,
				CD409C5F2109D90000B647AE /* AppDelegate */,
				CD409C5C2109D8A100B647AE /* Expand */,
				CD409C192109D6EB00B647AE /* BaseTableView */,
				CD409C5B2109D86500B647AE /* FactoryMethed-Prefix.pch */,
				CD409BFE2109D65E00B647AE /* Assets.xcassets */,
				CD409C002109D65E00B647AE /* LaunchScreen.storyboard */,
				CD409C032109D65E00B647AE /* Info.plist */,
				CD409C042109D65E00B647AE /* main.m */,
			);
			path = FactoryMethed;
			sourceTree = "<group>";
		};
		CD409C0D2109D65E00B647AE /* FactoryMethedTests */ = {
			isa = PBXGroup;
			children = (
				CD409C0E2109D65E00B647AE /* FactoryMethedTests.m */,
				CD409C102109D65E00B647AE /* Info.plist */,
			);
			path = FactoryMethedTests;
			sourceTree = "<group>";
		};
		CD409C192109D6EB00B647AE /* BaseTableView */ = {
			isa = PBXGroup;
			children = (
				CD409C1A2109D6EB00B647AE /* BaseCell */,
				CD409C3F2109D6EB00B647AE /* BaseTableViewCell.h */,
				CD409C402109D6EB00B647AE /* BaseTableViewCell.m */,
				CD409C412109D6EB00B647AE /* BaseTableViewCellModel.h */,
				CD409C422109D6EB00B647AE /* BaseTableViewCellModel.m */,
				CD409C432109D6EB00B647AE /* BaseTableViewDelegate.h */,
				CD409C442109D6EB00B647AE /* BaseTableViewDelegate.m */,
			);
			path = BaseTableView;
			sourceTree = "<group>";
		};
		CD409C1A2109D6EB00B647AE /* BaseCell */ = {
			isa = PBXGroup;
			children = (
				CD409C212109D6EB00B647AE /* PlaceholderCell */,
				CD409C272109D6EB00B647AE /* TitleBigCell */,
				CD409C2D2109D6EB00B647AE /* TitleIndicatorCell */,
				CD409C332109D6EB00B647AE /* TitleSwitchCell */,
				CD409C392109D6EB00B647AE /* TitleTextFieldCell */,
			);
			path = BaseCell;
			sourceTree = "<group>";
		};
		CD409C212109D6EB00B647AE /* PlaceholderCell */ = {
			isa = PBXGroup;
			children = (
				CD409C222109D6EB00B647AE /* BasePlaceholerCell.h */,
				CD409C232109D6EB00B647AE /* BasePlaceholerCell.m */,
				CD409C242109D6EB00B647AE /* BasePlaceholerCell.xib */,
				CD409C252109D6EB00B647AE /* BasePlaceholerCellModel.h */,
				CD409C262109D6EB00B647AE /* BasePlaceholerCellModel.m */,
			);
			path = PlaceholderCell;
			sourceTree = "<group>";
		};
		CD409C272109D6EB00B647AE /* TitleBigCell */ = {
			isa = PBXGroup;
			children = (
				CD409C282109D6EB00B647AE /* BaseTitleBigCell.h */,
				CD409C292109D6EB00B647AE /* BaseTitleBigCell.m */,
				CD409C2A2109D6EB00B647AE /* BaseTitleBigCell.xib */,
				CD409C2B2109D6EB00B647AE /* BaseTitleBigCellModel.h */,
				CD409C2C2109D6EB00B647AE /* BaseTitleBigCellModel.m */,
			);
			path = TitleBigCell;
			sourceTree = "<group>";
		};
		CD409C2D2109D6EB00B647AE /* TitleIndicatorCell */ = {
			isa = PBXGroup;
			children = (
				CD409C2E2109D6EB00B647AE /* BaseTitleIndicatorCell.h */,
				CD409C2F2109D6EB00B647AE /* BaseTitleIndicatorCell.m */,
				CD409C302109D6EB00B647AE /* BaseTitleIndicatorCell.xib */,
				CD409C312109D6EB00B647AE /* BaseTitleIndicatorCellModel.h */,
				CD409C322109D6EB00B647AE /* BaseTitleIndicatorCellModel.m */,
			);
			path = TitleIndicatorCell;
			sourceTree = "<group>";
		};
		CD409C332109D6EB00B647AE /* TitleSwitchCell */ = {
			isa = PBXGroup;
			children = (
				CD409C342109D6EB00B647AE /* BaseTitleSwitchCell.h */,
				CD409C352109D6EB00B647AE /* BaseTitleSwitchCell.m */,
				CD409C362109D6EB00B647AE /* BaseTitleSwitchCell.xib */,
				CD409C372109D6EB00B647AE /* BaseTitleSwitchCellModel.h */,
				CD409C382109D6EB00B647AE /* BaseTitleSwitchCellModel.m */,
			);
			path = TitleSwitchCell;
			sourceTree = "<group>";
		};
		CD409C392109D6EB00B647AE /* TitleTextFieldCell */ = {
			isa = PBXGroup;
			children = (
				CD409C3A2109D6EB00B647AE /* BaseTitleTextFieldCell.h */,
				CD409C3B2109D6EB00B647AE /* BaseTitleTextFieldCell.m */,
				CD409C3C2109D6EB00B647AE /* BaseTitleTextFieldCell.xib */,
				CD409C3D2109D6EB00B647AE /* BaseTitleTextFieldCellModel.h */,
				CD409C3E2109D6EB00B647AE /* BaseTitleTextFieldCellModel.m */,
			);
			path = TitleTextFieldCell;
			sourceTree = "<group>";
		};
		CD409C5C2109D8A100B647AE /* Expand */ = {
			isa = PBXGroup;
			children = (
				CD409C6B210AB7F400B647AE /* Tool */,
				CD409C5D2109D8A100B647AE /* Macro */,
			);
			path = Expand;
			sourceTree = "<group>";
		};
		CD409C5D2109D8A100B647AE /* Macro */ = {
			isa = PBXGroup;
			children = (
				CD409C5E2109D8A100B647AE /* UIMacros.h */,
			);
			path = Macro;
			sourceTree = "<group>";
		};
		CD409C5F2109D90000B647AE /* AppDelegate */ = {
			isa = PBXGroup;
			children = (
				CD409BF52109D65800B647AE /* AppDelegate.h */,
				CD409BF62109D65800B647AE /* AppDelegate.m */,
			);
			path = AppDelegate;
			sourceTree = "<group>";
		};
		CD409C602109DD4800B647AE /* VC */ = {
			isa = PBXGroup;
			children = (
				CD409C72210AEE8900B647AE /* ViewModel */,
				CD409C622109DD5E00B647AE /* Model */,
				CD409C612109DD5700B647AE /* View */,
				CD409BF82109D65800B647AE /* ViewController.h */,
				CD409BF92109D65800B647AE /* ViewController.m */,
				CD409BFB2109D65800B647AE /* Main.storyboard */,
			);
			path = VC;
			sourceTree = "<group>";
		};
		CD409C612109DD5700B647AE /* View */ = {
			isa = PBXGroup;
			children = (
				CD409C63210AB38800B647AE /* FMImageTableViewCell.h */,
				CD409C64210AB38800B647AE /* FMImageTableViewCell.m */,
				CD409C65210AB38800B647AE /* FMImageTableViewCell.xib */,
				CD409C6F210AB8BA00B647AE /* FMMainTableViewDelegate.h */,
				CD409C70210AB8BA00B647AE /* FMMainTableViewDelegate.m */,
			);
			path = View;
			sourceTree = "<group>";
		};
		CD409C622109DD5E00B647AE /* Model */ = {
			isa = PBXGroup;
			children = (
				CD409C68210AB76200B647AE /* FMImageTableViewCellModel.h */,
				CD409C69210AB76200B647AE /* FMImageTableViewCellModel.m */,
			);
			path = Model;
			sourceTree = "<group>";
		};
		CD409C6B210AB7F400B647AE /* Tool */ = {
			isa = PBXGroup;
			children = (
				CD409C6C210AB80500B647AE /* DAUITool.h */,
				CD409C6D210AB80500B647AE /* DAUITool.m */,
			);
			path = Tool;
			sourceTree = "<group>";
		};
		CD409C72210AEE8900B647AE /* ViewModel */ = {
			isa = PBXGroup;
			children = (
				CD409C73210AEEAA00B647AE /* FMViewModel.h */,
				CD409C74210AEEAA00B647AE /* FMViewModel.m */,
			);
			path = ViewModel;
			sourceTree = "<group>";
		};
/* End PBXGroup section */

/* Begin PBXNativeTarget section */
		CD409BF12109D65800B647AE /* FactoryMethed */ = {
			isa = PBXNativeTarget;
			buildConfigurationList = CD409C132109D65E00B647AE /* Build configuration list for PBXNativeTarget "FactoryMethed" */;
			buildPhases = (
				CD409BEE2109D65800B647AE /* Sources */,
				CD409BEF2109D65800B647AE /* Frameworks */,
				CD409BF02109D65800B647AE /* Resources */,
			);
			buildRules = (
			);
			dependencies = (
			);
			name = FactoryMethed;
			productName = FactoryMethed;
			productReference = CD409BF22109D65800B647AE /* FactoryMethed.app */;
			productType = "com.apple.product-type.application";
		};
		CD409C092109D65E00B647AE /* FactoryMethedTests */ = {
			isa = PBXNativeTarget;
			buildConfigurationList = CD409C162109D65E00B647AE /* Build configuration list for PBXNativeTarget "FactoryMethedTests" */;
			buildPhases = (
				CD409C062109D65E00B647AE /* Sources */,
				CD409C072109D65E00B647AE /* Frameworks */,
				CD409C082109D65E00B647AE /* Resources */,
			);
			buildRules = (
			);
			dependencies = (
				CD409C0C2109D65E00B647AE /* PBXTargetDependency */,
			);
			name = FactoryMethedTests;
			productName = FactoryMethedTests;
			productReference = CD409C0A2109D65E00B647AE /* FactoryMethedTests.xctest */;
			productType = "com.apple.product-type.bundle.unit-test";
		};
/* End PBXNativeTarget section */

/* Begin PBXProject section */
		CD409BEA2109D65800B647AE /* Project object */ = {
			isa = PBXProject;
			attributes = {
				LastUpgradeCheck = 0930;
				ORGANIZATIONNAME = qianpanpan;
				TargetAttributes = {
					CD409BF12109D65800B647AE = {
						CreatedOnToolsVersion = 9.3.1;
					};
					CD409C092109D65E00B647AE = {
						CreatedOnToolsVersion = 9.3.1;
						TestTargetID = CD409BF12109D65800B647AE;
					};
				};
			};
			buildConfigurationList = CD409BED2109D65800B647AE /* Build configuration list for PBXProject "FactoryMethed" */;
			compatibilityVersion = "Xcode 9.3";
			developmentRegion = en;
			hasScannedForEncodings = 0;
			knownRegions = (
				en,
				Base,
			);
			mainGroup = CD409BE92109D65800B647AE;
			productRefGroup = CD409BF32109D65800B647AE /* Products */;
			projectDirPath = "";
			projectRoot = "";
			targets = (
				CD409BF12109D65800B647AE /* FactoryMethed */,
				CD409C092109D65E00B647AE /* FactoryMethedTests */,
			);
		};
/* End PBXProject section */

/* Begin PBXResourcesBuildPhase section */
		CD409BF02109D65800B647AE /* Resources */ = {
			isa = PBXResourcesBuildPhase;
			buildActionMask = 2147483647;
			files = (
				CD409C502109D6EB00B647AE /* BaseTitleIndicatorCell.xib in Resources */,
				CD409C4D2109D6EB00B647AE /* BaseTitleBigCell.xib in Resources */,
				CD409C022109D65E00B647AE /* LaunchScreen.storyboard in Resources */,
				CD409BFF2109D65E00B647AE /* Assets.xcassets in Resources */,
				CD409BFD2109D65800B647AE /* Main.storyboard in Resources */,
				CD409C562109D6EB00B647AE /* BaseTitleTextFieldCell.xib in Resources */,
				CD409C4A2109D6EB00B647AE /* BasePlaceholerCell.xib in Resources */,
				CD409C67210AB38800B647AE /* FMImageTableViewCell.xib in Resources */,
				CD409C532109D6EB00B647AE /* BaseTitleSwitchCell.xib in Resources */,
			);
			runOnlyForDeploymentPostprocessing = 0;
		};
		CD409C082109D65E00B647AE /* Resources */ = {
			isa = PBXResourcesBuildPhase;
			buildActionMask = 2147483647;
			files = (
			);
			runOnlyForDeploymentPostprocessing = 0;
		};
/* End PBXResourcesBuildPhase section */

/* Begin PBXSourcesBuildPhase section */
		CD409BEE2109D65800B647AE /* Sources */ = {
			isa = PBXSourcesBuildPhase;
			buildActionMask = 2147483647;
			files = (
				CD409C552109D6EB00B647AE /* BaseTitleTextFieldCell.m in Sources */,
				CD409BFA2109D65800B647AE /* ViewController.m in Sources */,
				CD409C542109D6EB00B647AE /* BaseTitleSwitchCellModel.m in Sources */,
				CD409C4E2109D6EB00B647AE /* BaseTitleBigCellModel.m in Sources */,
				CD409C4B2109D6EB00B647AE /* BasePlaceholerCellModel.m in Sources */,
				CD409C572109D6EB00B647AE /* BaseTitleTextFieldCellModel.m in Sources */,
				CD409C6A210AB76200B647AE /* FMImageTableViewCellModel.m in Sources */,
				CD409C4C2109D6EB00B647AE /* BaseTitleBigCell.m in Sources */,
				CD409C512109D6EB00B647AE /* BaseTitleIndicatorCellModel.m in Sources */,
				CD409C492109D6EB00B647AE /* BasePlaceholerCell.m in Sources */,
				CD409C71210AB8BA00B647AE /* FMMainTableViewDelegate.m in Sources */,
				CD409C4F2109D6EB00B647AE /* BaseTitleIndicatorCell.m in Sources */,
				CD409C582109D6EB00B647AE /* BaseTableViewCell.m in Sources */,
				CD409C5A2109D6EB00B647AE /* BaseTableViewDelegate.m in Sources */,
				CD409C75210AEEAA00B647AE /* FMViewModel.m in Sources */,
				CD409C592109D6EB00B647AE /* BaseTableViewCellModel.m in Sources */,
				CD409C052109D65E00B647AE /* main.m in Sources */,
				CD409BF72109D65800B647AE /* AppDelegate.m in Sources */,
				CD409C6E210AB80500B647AE /* DAUITool.m in Sources */,
				CD409C66210AB38800B647AE /* FMImageTableViewCell.m in Sources */,
				CD409C522109D6EB00B647AE /* BaseTitleSwitchCell.m in Sources */,
			);
			runOnlyForDeploymentPostprocessing = 0;
		};
		CD409C062109D65E00B647AE /* Sources */ = {
			isa = PBXSourcesBuildPhase;
			buildActionMask = 2147483647;
			files = (
				CD409C0F2109D65E00B647AE /* FactoryMethedTests.m in Sources */,
			);
			runOnlyForDeploymentPostprocessing = 0;
		};
/* End PBXSourcesBuildPhase section */

/* Begin PBXTargetDependency section */
		CD409C0C2109D65E00B647AE /* PBXTargetDependency */ = {
			isa = PBXTargetDependency;
			target = CD409BF12109D65800B647AE /* FactoryMethed */;
			targetProxy = CD409C0B2109D65E00B647AE /* PBXContainerItemProxy */;
		};
/* End PBXTargetDependency section */

/* Begin PBXVariantGroup section */
		CD409BFB2109D65800B647AE /* Main.storyboard */ = {
			isa = PBXVariantGroup;
			children = (
				CD409BFC2109D65800B647AE /* Base */,
			);
			name = Main.storyboard;
			sourceTree = "<group>";
		};
		CD409C002109D65E00B647AE /* LaunchScreen.storyboard */ = {
			isa = PBXVariantGroup;
			children = (
				CD409C012109D65E00B647AE /* Base */,
			);
			name = LaunchScreen.storyboard;
			sourceTree = "<group>";
		};
/* End PBXVariantGroup section */

/* Begin XCBuildConfiguration section */
		CD409C112109D65E00B647AE /* Debug */ = {
			isa = XCBuildConfiguration;
			buildSettings = {
				ALWAYS_SEARCH_USER_PATHS = NO;
				CLANG_ANALYZER_NONNULL = YES;
				CLANG_ANALYZER_NUMBER_OBJECT_CONVERSION = YES_AGGRESSIVE;
				CLANG_CXX_LANGUAGE_STANDARD = "gnu++14";
				CLANG_CXX_LIBRARY = "libc++";
				CLANG_ENABLE_MODULES = YES;
				CLANG_ENABLE_OBJC_ARC = YES;
				CLANG_ENABLE_OBJC_WEAK = YES;
				CLANG_WARN_BLOCK_CAPTURE_AUTORELEASING = YES;
				CLANG_WARN_BOOL_CONVERSION = YES;
				CLANG_WARN_COMMA = YES;
				CLANG_WARN_CONSTANT_CONVERSION = YES;
				CLANG_WARN_DEPRECATED_OBJC_IMPLEMENTATIONS = YES;
				CLANG_WARN_DIRECT_OBJC_ISA_USAGE = YES_ERROR;
				CLANG_WARN_DOCUMENTATION_COMMENTS = YES;
				CLANG_WARN_EMPTY_BODY = YES;
				CLANG_WARN_ENUM_CONVERSION = YES;
				CLANG_WARN_INFINITE_RECURSION = YES;
				CLANG_WARN_INT_CONVERSION = YES;
				CLANG_WARN_NON_LITERAL_NULL_CONVERSION = YES;
				CLANG_WARN_OBJC_IMPLICIT_RETAIN_SELF = YES;
				CLANG_WARN_OBJC_LITERAL_CONVERSION = YES;
				CLANG_WARN_OBJC_ROOT_CLASS = YES_ERROR;
				CLANG_WARN_RANGE_LOOP_ANALYSIS = YES;
				CLANG_WARN_STRICT_PROTOTYPES = YES;
				CLANG_WARN_SUSPICIOUS_MOVE = YES;
				CLANG_WARN_UNGUARDED_AVAILABILITY = YES_AGGRESSIVE;
				CLANG_WARN_UNREACHABLE_CODE = YES;
				CLANG_WARN__DUPLICATE_METHOD_MATCH = YES;
				CODE_SIGN_IDENTITY = "iPhone Developer";
				COPY_PHASE_STRIP = NO;
				DEBUG_INFORMATION_FORMAT = dwarf;
				ENABLE_STRICT_OBJC_MSGSEND = YES;
				ENABLE_TESTABILITY = YES;
				GCC_C_LANGUAGE_STANDARD = gnu11;
				GCC_DYNAMIC_NO_PIC = NO;
				GCC_NO_COMMON_BLOCKS = YES;
				GCC_OPTIMIZATION_LEVEL = 0;
				GCC_PREPROCESSOR_DEFINITIONS = (
					"DEBUG=1",
					"$(inherited)",
				);
				GCC_WARN_64_TO_32_BIT_CONVERSION = YES;
				GCC_WARN_ABOUT_RETURN_TYPE = YES_ERROR;
				GCC_WARN_UNDECLARED_SELECTOR = YES;
				GCC_WARN_UNINITIALIZED_AUTOS = YES_AGGRESSIVE;
				GCC_WARN_UNUSED_FUNCTION = YES;
				GCC_WARN_UNUSED_VARIABLE = YES;
				IPHONEOS_DEPLOYMENT_TARGET = 9.0;
				MTL_ENABLE_DEBUG_INFO = YES;
				ONLY_ACTIVE_ARCH = YES;
				SDKROOT = iphoneos;
			};
			name = Debug;
		};
		CD409C122109D65E00B647AE /* Release */ = {
			isa = XCBuildConfiguration;
			buildSettings = {
				ALWAYS_SEARCH_USER_PATHS = NO;
				CLANG_ANALYZER_NONNULL = YES;
				CLANG_ANALYZER_NUMBER_OBJECT_CONVERSION = YES_AGGRESSIVE;
				CLANG_CXX_LANGUAGE_STANDARD = "gnu++14";
				CLANG_CXX_LIBRARY = "libc++";
				CLANG_ENABLE_MODULES = YES;
				CLANG_ENABLE_OBJC_ARC = YES;
				CLANG_ENABLE_OBJC_WEAK = YES;
				CLANG_WARN_BLOCK_CAPTURE_AUTORELEASING = YES;
				CLANG_WARN_BOOL_CONVERSION = YES;
				CLANG_WARN_COMMA = YES;
				CLANG_WARN_CONSTANT_CONVERSION = YES;
				CLANG_WARN_DEPRECATED_OBJC_IMPLEMENTATIONS = YES;
				CLANG_WARN_DIRECT_OBJC_ISA_USAGE = YES_ERROR;
				CLANG_WARN_DOCUMENTATION_COMMENTS = YES;
				CLANG_WARN_EMPTY_BODY = YES;
				CLANG_WARN_ENUM_CONVERSION = YES;
				CLANG_WARN_INFINITE_RECURSION = YES;
				CLANG_WARN_INT_CONVERSION = YES;
				CLANG_WARN_NON_LITERAL_NULL_CONVERSION = YES;
				CLANG_WARN_OBJC_IMPLICIT_RETAIN_SELF = YES;
				CLANG_WARN_OBJC_LITERAL_CONVERSION = YES;
				CLANG_WARN_OBJC_ROOT_CLASS = YES_ERROR;
				CLANG_WARN_RANGE_LOOP_ANALYSIS = YES;
				CLANG_WARN_STRICT_PROTOTYPES = YES;
				CLANG_WARN_SUSPICIOUS_MOVE = YES;
				CLANG_WARN_UNGUARDED_AVAILABILITY = YES_AGGRESSIVE;
				CLANG_WARN_UNREACHABLE_CODE = YES;
				CLANG_WARN__DUPLICATE_METHOD_MATCH = YES;
				CODE_SIGN_IDENTITY = "iPhone Developer";
				COPY_PHASE_STRIP = NO;
				DEBUG_INFORMATION_FORMAT = "dwarf-with-dsym";
				ENABLE_NS_ASSERTIONS = NO;
				ENABLE_STRICT_OBJC_MSGSEND = YES;
				GCC_C_LANGUAGE_STANDARD = gnu11;
				GCC_NO_COMMON_BLOCKS = YES;
				GCC_WARN_64_TO_32_BIT_CONVERSION = YES;
				GCC_WARN_ABOUT_RETURN_TYPE = YES_ERROR;
				GCC_WARN_UNDECLARED_SELECTOR = YES;
				GCC_WARN_UNINITIALIZED_AUTOS = YES_AGGRESSIVE;
				GCC_WARN_UNUSED_FUNCTION = YES;
				GCC_WARN_UNUSED_VARIABLE = YES;
				IPHONEOS_DEPLOYMENT_TARGET = 9.0;
				MTL_ENABLE_DEBUG_INFO = NO;
				SDKROOT = iphoneos;
				VALIDATE_PRODUCT = YES;
			};
			name = Release;
		};
		CD409C142109D65E00B647AE /* Debug */ = {
			isa = XCBuildConfiguration;
			buildSettings = {
				ASSETCATALOG_COMPILER_APPICON_NAME = AppIcon;
				CODE_SIGN_STYLE = Automatic;
				GCC_PREFIX_HEADER = "$(SRCROOT)/FactoryMethed/FactoryMethed-Prefix.pch";
				INFOPLIST_FILE = FactoryMethed/Info.plist;
				LD_RUNPATH_SEARCH_PATHS = (
					"$(inherited)",
					"@executable_path/Frameworks",
				);
				PRODUCT_BUNDLE_IDENTIFIER = com.Shanghai.FactoryMethed.FactoryMethed;
				PRODUCT_NAME = "$(TARGET_NAME)";
				TARGETED_DEVICE_FAMILY = "1,2";
			};
			name = Debug;
		};
		CD409C152109D65E00B647AE /* Release */ = {
			isa = XCBuildConfiguration;
			buildSettings = {
				ASSETCATALOG_COMPILER_APPICON_NAME = AppIcon;
				CODE_SIGN_STYLE = Automatic;
				GCC_PREFIX_HEADER = "$(SRCROOT)/FactoryMethed/FactoryMethed-Prefix.pch";
				INFOPLIST_FILE = FactoryMethed/Info.plist;
				LD_RUNPATH_SEARCH_PATHS = (
					"$(inherited)",
					"@executable_path/Frameworks",
				);
				PRODUCT_BUNDLE_IDENTIFIER = com.Shanghai.FactoryMethed.FactoryMethed;
				PRODUCT_NAME = "$(TARGET_NAME)";
				TARGETED_DEVICE_FAMILY = "1,2";
			};
			name = Release;
		};
		CD409C172109D65E00B647AE /* Debug */ = {
			isa = XCBuildConfiguration;
			buildSettings = {
				BUNDLE_LOADER = "$(TEST_HOST)";
				CODE_SIGN_STYLE = Automatic;
				INFOPLIST_FILE = FactoryMethedTests/Info.plist;
				LD_RUNPATH_SEARCH_PATHS = (
					"$(inherited)",
					"@executable_path/Frameworks",
					"@loader_path/Frameworks",
				);
				PRODUCT_BUNDLE_IDENTIFIER = com.Shanghai.FactoryMethed.FactoryMethedTests;
				PRODUCT_NAME = "$(TARGET_NAME)";
				TARGETED_DEVICE_FAMILY = "1,2";
				TEST_HOST = "$(BUILT_PRODUCTS_DIR)/FactoryMethed.app/FactoryMethed";
			};
			name = Debug;
		};
		CD409C182109D65E00B647AE /* Release */ = {
			isa = XCBuildConfiguration;
			buildSettings = {
				BUNDLE_LOADER = "$(TEST_HOST)";
				CODE_SIGN_STYLE = Automatic;
				INFOPLIST_FILE = FactoryMethedTests/Info.plist;
				LD_RUNPATH_SEARCH_PATHS = (
					"$(inherited)",
					"@executable_path/Frameworks",
					"@loader_path/Frameworks",
				);
				PRODUCT_BUNDLE_IDENTIFIER = com.Shanghai.FactoryMethed.FactoryMethedTests;
				PRODUCT_NAME = "$(TARGET_NAME)";
				TARGETED_DEVICE_FAMILY = "1,2";
				TEST_HOST = "$(BUILT_PRODUCTS_DIR)/FactoryMethed.app/FactoryMethed";
			};
			name = Release;
		};
/* End XCBuildConfiguration section */

/* Begin XCConfigurationList section */
		CD409BED2109D65800B647AE /* Build configuration list for PBXProject "FactoryMethed" */ = {
			isa = XCConfigurationList;
			buildConfigurations = (
				CD409C112109D65E00B647AE /* Debug */,
				CD409C122109D65E00B647AE /* Release */,
			);
			defaultConfigurationIsVisible = 0;
			defaultConfigurationName = Release;
		};
		CD409C132109D65E00B647AE /* Build configuration list for PBXNativeTarget "FactoryMethed" */ = {
			isa = XCConfigurationList;
			buildConfigurations = (
				CD409C142109D65E00B647AE /* Debug */,
				CD409C152109D65E00B647AE /* Release */,
			);
			defaultConfigurationIsVisible = 0;
			defaultConfigurationName = Release;
		};
		CD409C162109D65E00B647AE /* Build configuration list for PBXNativeTarget "FactoryMethedTests" */ = {
			isa = XCConfigurationList;
			buildConfigurations = (
				CD409C172109D65E00B647AE /* Debug */,
				CD409C182109D65E00B647AE /* Release */,
			);
			defaultConfigurationIsVisible = 0;
			defaultConfigurationName = Release;
		};
/* End XCConfigurationList section */
	};
	rootObject = CD409BEA2109D65800B647AE /* Project object */;
}
