// !$*UTF8*$!
{
	archiveVersion = 1;
	classes = {
	};
	objectVersion = 50;
	objects = {

/* Begin PBXBuildFile section */
		CD0531C8210F039800740A4B /* EasyAlert.m in Sources */ = {isa = PBXBuildFile; fileRef = CD0531C7210F039800740A4B /* EasyAlert.m */; };
		CD409BF72109D65800B647AE /* AppDelegate.m in Sources */ = {isa = PBXBuildFile; fileRef = CD409BF62109D65800B647AE /* AppDelegate.m */; };
		CD409BFA2109D65800B647AE /* ViewController.m in Sources */ = {isa = PBXBuildFile; fileRef = CD409BF92109D65800B647AE /* ViewController.m */; };
		CD409BFD2109D65800B647AE /* Main.storyboard in Resources */ = {isa = PBXBuildFile; fileRef = CD409BFB2109D65800B647AE /* Main.storyboard */; };
		CD409BFF2109D65E00B647AE /* Assets.xcassets in Resources */ = {isa = PBXBuildFile; fileRef = CD409BFE2109D65E00B647AE /* Assets.xcassets */; };
		CD409C022109D65E00B647AE /* LaunchScreen.storyboard in Resources */ = {isa = PBXBuildFile; fileRef = CD409C002109D65E00B647AE /* LaunchScreen.storyboard */; };
		CD409C052109D65E00B647AE /* main.m in Sources */ = {isa = PBXBuildFile; fileRef = CD409C042109D65E00B647AE /* main.m */; };
		CD409C0F2109D65E00B647AE /* ChainOfResponsibility.m in Sources */ = {isa = PBXBuildFile; fileRef = CD409C0E2109D65E00B647AE /* ChainOfResponsibility.m */; };
		CD409C66210AB38800B647AE /* FMImageTableViewCell.m in Sources */ = {isa = PBXBuildFile; fileRef = CD409C64210AB38800B647AE /* FMImageTableViewCell.m */; };
		CD409C67210AB38800B647AE /* FMImageTableViewCell.xib in Resources */ = {isa = PBXBuildFile; fileRef = CD409C65210AB38800B647AE /* FMImageTableViewCell.xib */; };
		CD409C6A210AB76200B647AE /* FMImageTableViewCellModel.m in Sources */ = {isa = PBXBuildFile; fileRef = CD409C69210AB76200B647AE /* FMImageTableViewCellModel.m */; };
		CD409C6E210AB80500B647AE /* DAUITool.m in Sources */ = {isa = PBXBuildFile; fileRef = CD409C6D210AB80500B647AE /* DAUITool.m */; };
		CD409C71210AB8BA00B647AE /* FMMainTableViewDelegate.m in Sources */ = {isa = PBXBuildFile; fileRef = CD409C70210AB8BA00B647AE /* FMMainTableViewDelegate.m */; };
		CD409C75210AEEAA00B647AE /* FMViewModel.m in Sources */ = {isa = PBXBuildFile; fileRef = CD409C74210AEEAA00B647AE /* FMViewModel.m */; };
		CD4CD5B6211BDE5F009ABDAF /* XiaoMing.m in Sources */ = {isa = PBXBuildFile; fileRef = CD4CD5B5211BDE5F009ABDAF /* XiaoMing.m */; };
		CD4CD5BC211C2D2E009ABDAF /* TView.m in Sources */ = {isa = PBXBuildFile; fileRef = CD4CD5BB211C2D2E009ABDAF /* TView.m */; };
		CD4CD5BF211D2985009ABDAF /* RunLabel.m in Sources */ = {isa = PBXBuildFile; fileRef = CD4CD5BE211D2985009ABDAF /* RunLabel.m */; };
		CD4CD5C3211D2E6E009ABDAF /* RunLblViewController.m in Sources */ = {isa = PBXBuildFile; fileRef = CD4CD5C1211D2E6E009ABDAF /* RunLblViewController.m */; };
		CD4CD5C4211D2E6E009ABDAF /* RunLblViewController.xib in Resources */ = {isa = PBXBuildFile; fileRef = CD4CD5C2211D2E6E009ABDAF /* RunLblViewController.xib */; };
		CD4CD5C8211D30D3009ABDAF /* ShineViewController.m in Sources */ = {isa = PBXBuildFile; fileRef = CD4CD5C6211D30D3009ABDAF /* ShineViewController.m */; };
		CD4CD5C9211D30D3009ABDAF /* ShineViewController.xib in Resources */ = {isa = PBXBuildFile; fileRef = CD4CD5C7211D30D3009ABDAF /* ShineViewController.xib */; };
		CD4CD5F5211D4078009ABDAF /* BaseNavigationController.m in Sources */ = {isa = PBXBuildFile; fileRef = CD4CD5CD211D4077009ABDAF /* BaseNavigationController.m */; };
		CD4CD5F6211D4078009ABDAF /* BasePlaceholerCell.m in Sources */ = {isa = PBXBuildFile; fileRef = CD4CD5D3211D4078009ABDAF /* BasePlaceholerCell.m */; };
		CD4CD5F7211D4078009ABDAF /* BasePlaceholerCell.xib in Resources */ = {isa = PBXBuildFile; fileRef = CD4CD5D4211D4078009ABDAF /* BasePlaceholerCell.xib */; };
		CD4CD5F8211D4078009ABDAF /* BasePlaceholerCellModel.m in Sources */ = {isa = PBXBuildFile; fileRef = CD4CD5D6211D4078009ABDAF /* BasePlaceholerCellModel.m */; };
		CD4CD5F9211D4078009ABDAF /* BaseTitleBigCell.m in Sources */ = {isa = PBXBuildFile; fileRef = CD4CD5D9211D4078009ABDAF /* BaseTitleBigCell.m */; };
		CD4CD5FA211D4078009ABDAF /* BaseTitleBigCell.xib in Resources */ = {isa = PBXBuildFile; fileRef = CD4CD5DA211D4078009ABDAF /* BaseTitleBigCell.xib */; };
		CD4CD5FB211D4078009ABDAF /* BaseTitleBigCellModel.m in Sources */ = {isa = PBXBuildFile; fileRef = CD4CD5DC211D4078009ABDAF /* BaseTitleBigCellModel.m */; };
		CD4CD5FC211D4078009ABDAF /* BaseTitleIndicatorCell.m in Sources */ = {isa = PBXBuildFile; fileRef = CD4CD5DF211D4078009ABDAF /* BaseTitleIndicatorCell.m */; };
		CD4CD5FD211D4078009ABDAF /* BaseTitleIndicatorCell.xib in Resources */ = {isa = PBXBuildFile; fileRef = CD4CD5E0211D4078009ABDAF /* BaseTitleIndicatorCell.xib */; };
		CD4CD5FE211D4078009ABDAF /* BaseTitleIndicatorCellModel.m in Sources */ = {isa = PBXBuildFile; fileRef = CD4CD5E2211D4078009ABDAF /* BaseTitleIndicatorCellModel.m */; };
		CD4CD5FF211D4078009ABDAF /* BaseTitleSwitchCell.m in Sources */ = {isa = PBXBuildFile; fileRef = CD4CD5E5211D4078009ABDAF /* BaseTitleSwitchCell.m */; };
		CD4CD600211D4078009ABDAF /* BaseTitleSwitchCell.xib in Resources */ = {isa = PBXBuildFile; fileRef = CD4CD5E6211D4078009ABDAF /* BaseTitleSwitchCell.xib */; };
		CD4CD601211D4078009ABDAF /* BaseTitleSwitchCellModel.m in Sources */ = {isa = PBXBuildFile; fileRef = CD4CD5E8211D4078009ABDAF /* BaseTitleSwitchCellModel.m */; };
		CD4CD602211D4078009ABDAF /* BaseTitleTextFieldCell.m in Sources */ = {isa = PBXBuildFile; fileRef = CD4CD5EB211D4078009ABDAF /* BaseTitleTextFieldCell.m */; };
		CD4CD603211D4078009ABDAF /* BaseTitleTextFieldCell.xib in Resources */ = {isa = PBXBuildFile; fileRef = CD4CD5EC211D4078009ABDAF /* BaseTitleTextFieldCell.xib */; };
		CD4CD604211D4078009ABDAF /* BaseTitleTextFieldCellModel.m in Sources */ = {isa = PBXBuildFile; fileRef = CD4CD5EE211D4078009ABDAF /* BaseTitleTextFieldCellModel.m */; };
		CD4CD605211D4078009ABDAF /* BaseTableViewCell.m in Sources */ = {isa = PBXBuildFile; fileRef = CD4CD5F0211D4078009ABDAF /* BaseTableViewCell.m */; };
		CD4CD606211D4078009ABDAF /* BaseTableViewCellModel.m in Sources */ = {isa = PBXBuildFile; fileRef = CD4CD5F2211D4078009ABDAF /* BaseTableViewCellModel.m */; };
		CD4CD607211D4078009ABDAF /* BaseTableViewDelegate.m in Sources */ = {isa = PBXBuildFile; fileRef = CD4CD5F4211D4078009ABDAF /* BaseTableViewDelegate.m */; };
		CDDEDCFE2122C6A700D57309 /* Manager.m in Sources */ = {isa = PBXBuildFile; fileRef = CDDEDCFD2122C6A700D57309 /* Manager.m */; };
		CDDEDD012122C6EE00D57309 /* CEO.m in Sources */ = {isa = PBXBuildFile; fileRef = CDDEDD002122C6EE00D57309 /* CEO.m */; };
		CDDEDD042122C72B00D57309 /* CTO.m in Sources */ = {isa = PBXBuildFile; fileRef = CDDEDD032122C72B00D57309 /* CTO.m */; };
		CDDEDD072122C74700D57309 /* PM.m in Sources */ = {isa = PBXBuildFile; fileRef = CDDEDD062122C74700D57309 /* PM.m */; };
		CDDEDD0C2122CD0700D57309 /* Waiter.m in Sources */ = {isa = PBXBuildFile; fileRef = CDDEDD0B2122CD0700D57309 /* Waiter.m */; };
		CDDEDD0F2122D0FB00D57309 /* Cook.m in Sources */ = {isa = PBXBuildFile; fileRef = CDDEDD0E2122D0FB00D57309 /* Cook.m */; };
		CDDEDD122122D17D00D57309 /* Command.m in Sources */ = {isa = PBXBuildFile; fileRef = CDDEDD112122D17D00D57309 /* Command.m */; };
		CDDEDD152122D26200D57309 /* LobsterCommand.m in Sources */ = {isa = PBXBuildFile; fileRef = CDDEDD142122D26200D57309 /* LobsterCommand.m */; };
		CDDEDD182122D2AB00D57309 /* AbaloneCommand.m in Sources */ = {isa = PBXBuildFile; fileRef = CDDEDD172122D2AB00D57309 /* AbaloneCommand.m */; };
		CDDEDD1A2122D31200D57309 /* CommandTests.m in Sources */ = {isa = PBXBuildFile; fileRef = CDDEDD192122D31200D57309 /* CommandTests.m */; };
/* End PBXBuildFile section */

/* Begin PBXContainerItemProxy section */
		CD409C0B2109D65E00B647AE /* PBXContainerItemProxy */ = {
			isa = PBXContainerItemProxy;
			containerPortal = CD409BEA2109D65800B647AE /* Project object */;
			proxyType = 1;
			remoteGlobalIDString = CD409BF12109D65800B647AE;
			remoteInfo = FactoryMethed;
		};
/* End PBXContainerItemProxy section */

/* Begin PBXFileReference section */
		CD0531C6210F039800740A4B /* EasyAlert.h */ = {isa = PBXFileReference; lastKnownFileType = sourcecode.c.h; path = EasyAlert.h; sourceTree = "<group>"; };
		CD0531C7210F039800740A4B /* EasyAlert.m */ = {isa = PBXFileReference; lastKnownFileType = sourcecode.c.objc; path = EasyAlert.m; sourceTree = "<group>"; };
		CD409BF22109D65800B647AE /* FactoryMethed.app */ = {isa = PBXFileReference; explicitFileType = wrapper.application; includeInIndex = 0; path = FactoryMethed.app; sourceTree = BUILT_PRODUCTS_DIR; };
		CD409BF52109D65800B647AE /* AppDelegate.h */ = {isa = PBXFileReference; lastKnownFileType = sourcecode.c.h; path = AppDelegate.h; sourceTree = "<group>"; };
		CD409BF62109D65800B647AE /* AppDelegate.m */ = {isa = PBXFileReference; lastKnownFileType = sourcecode.c.objc; path = AppDelegate.m; sourceTree = "<group>"; };
		CD409BF82109D65800B647AE /* ViewController.h */ = {isa = PBXFileReference; lastKnownFileType = sourcecode.c.h; path = ViewController.h; sourceTree = "<group>"; };
		CD409BF92109D65800B647AE /* ViewController.m */ = {isa = PBXFileReference; lastKnownFileType = sourcecode.c.objc; path = ViewController.m; sourceTree = "<group>"; };
		CD409BFC2109D65800B647AE /* Base */ = {isa = PBXFileReference; lastKnownFileType = file.storyboard; name = Base; path = Base.lproj/Main.storyboard; sourceTree = "<group>"; };
		CD409BFE2109D65E00B647AE /* Assets.xcassets */ = {isa = PBXFileReference; lastKnownFileType = folder.assetcatalog; path = Assets.xcassets; sourceTree = "<group>"; };
		CD409C012109D65E00B647AE /* Base */ = {isa = PBXFileReference; lastKnownFileType = file.storyboard; name = Base; path = Base.lproj/LaunchScreen.storyboard; sourceTree = "<group>"; };
		CD409C032109D65E00B647AE /* Info.plist */ = {isa = PBXFileReference; lastKnownFileType = text.plist.xml; path = Info.plist; sourceTree = "<group>"; };
		CD409C042109D65E00B647AE /* main.m */ = {isa = PBXFileReference; lastKnownFileType = sourcecode.c.objc; path = main.m; sourceTree = "<group>"; };
		CD409C0A2109D65E00B647AE /* FactoryMethedTests.xctest */ = {isa = PBXFileReference; explicitFileType = wrapper.cfbundle; includeInIndex = 0; path = FactoryMethedTests.xctest; sourceTree = BUILT_PRODUCTS_DIR; };
		CD409C0E2109D65E00B647AE /* ChainOfResponsibility.m */ = {isa = PBXFileReference; lastKnownFileType = sourcecode.c.objc; path = ChainOfResponsibility.m; sourceTree = "<group>"; };
		CD409C102109D65E00B647AE /* Info.plist */ = {isa = PBXFileReference; lastKnownFileType = text.plist.xml; path = Info.plist; sourceTree = "<group>"; };
		CD409C5B2109D86500B647AE /* FactoryMethed-Prefix.pch */ = {isa = PBXFileReference; lastKnownFileType = sourcecode.c.h; path = "FactoryMethed-Prefix.pch"; sourceTree = "<group>"; };
		CD409C5E2109D8A100B647AE /* UIMacros.h */ = {isa = PBXFileReference; fileEncoding = 4; lastKnownFileType = sourcecode.c.h; path = UIMacros.h; sourceTree = "<group>"; };
		CD409C63210AB38800B647AE /* FMImageTableViewCell.h */ = {isa = PBXFileReference; lastKnownFileType = sourcecode.c.h; path = FMImageTableViewCell.h; sourceTree = "<group>"; };
		CD409C64210AB38800B647AE /* FMImageTableViewCell.m */ = {isa = PBXFileReference; lastKnownFileType = sourcecode.c.objc; path = FMImageTableViewCell.m; sourceTree = "<group>"; };
		CD409C65210AB38800B647AE /* FMImageTableViewCell.xib */ = {isa = PBXFileReference; lastKnownFileType = file.xib; path = FMImageTableViewCell.xib; sourceTree = "<group>"; };
		CD409C68210AB76200B647AE /* FMImageTableViewCellModel.h */ = {isa = PBXFileReference; lastKnownFileType = sourcecode.c.h; path = FMImageTableViewCellModel.h; sourceTree = "<group>"; };
		CD409C69210AB76200B647AE /* FMImageTableViewCellModel.m */ = {isa = PBXFileReference; lastKnownFileType = sourcecode.c.objc; path = FMImageTableViewCellModel.m; sourceTree = "<group>"; };
		CD409C6C210AB80500B647AE /* DAUITool.h */ = {isa = PBXFileReference; fileEncoding = 4; lastKnownFileType = sourcecode.c.h; path = DAUITool.h; sourceTree = "<group>"; };
		CD409C6D210AB80500B647AE /* DAUITool.m */ = {isa = PBXFileReference; fileEncoding = 4; lastKnownFileType = sourcecode.c.objc; path = DAUITool.m; sourceTree = "<group>"; };
		CD409C6F210AB8BA00B647AE /* FMMainTableViewDelegate.h */ = {isa = PBXFileReference; lastKnownFileType = sourcecode.c.h; path = FMMainTableViewDelegate.h; sourceTree = "<group>"; };
		CD409C70210AB8BA00B647AE /* FMMainTableViewDelegate.m */ = {isa = PBXFileReference; lastKnownFileType = sourcecode.c.objc; path = FMMainTableViewDelegate.m; sourceTree = "<group>"; };
		CD409C73210AEEAA00B647AE /* FMViewModel.h */ = {isa = PBXFileReference; lastKnownFileType = sourcecode.c.h; path = FMViewModel.h; sourceTree = "<group>"; };
		CD409C74210AEEAA00B647AE /* FMViewModel.m */ = {isa = PBXFileReference; lastKnownFileType = sourcecode.c.objc; path = FMViewModel.m; sourceTree = "<group>"; };
		CD4CD5B4211BDE5F009ABDAF /* XiaoMing.h */ = {isa = PBXFileReference; lastKnownFileType = sourcecode.c.h; path = XiaoMing.h; sourceTree = "<group>"; };
		CD4CD5B5211BDE5F009ABDAF /* XiaoMing.m */ = {isa = PBXFileReference; lastKnownFileType = sourcecode.c.objc; path = XiaoMing.m; sourceTree = "<group>"; };
		CD4CD5BA211C2D2E009ABDAF /* TView.h */ = {isa = PBXFileReference; lastKnownFileType = sourcecode.c.h; path = TView.h; sourceTree = "<group>"; };
		CD4CD5BB211C2D2E009ABDAF /* TView.m */ = {isa = PBXFileReference; lastKnownFileType = sourcecode.c.objc; path = TView.m; sourceTree = "<group>"; };
		CD4CD5BD211D2985009ABDAF /* RunLabel.h */ = {isa = PBXFileReference; lastKnownFileType = sourcecode.c.h; path = RunLabel.h; sourceTree = "<group>"; };
		CD4CD5BE211D2985009ABDAF /* RunLabel.m */ = {isa = PBXFileReference; lastKnownFileType = sourcecode.c.objc; path = RunLabel.m; sourceTree = "<group>"; };
		CD4CD5C0211D2E6E009ABDAF /* RunLblViewController.h */ = {isa = PBXFileReference; lastKnownFileType = sourcecode.c.h; path = RunLblViewController.h; sourceTree = "<group>"; };
		CD4CD5C1211D2E6E009ABDAF /* RunLblViewController.m */ = {isa = PBXFileReference; lastKnownFileType = sourcecode.c.objc; path = RunLblViewController.m; sourceTree = "<group>"; };
		CD4CD5C2211D2E6E009ABDAF /* RunLblViewController.xib */ = {isa = PBXFileReference; lastKnownFileType = file.xib; path = RunLblViewController.xib; sourceTree = "<group>"; };
		CD4CD5C5211D30D3009ABDAF /* ShineViewController.h */ = {isa = PBXFileReference; lastKnownFileType = sourcecode.c.h; path = ShineViewController.h; sourceTree = "<group>"; };
		CD4CD5C6211D30D3009ABDAF /* ShineViewController.m */ = {isa = PBXFileReference; lastKnownFileType = sourcecode.c.objc; path = ShineViewController.m; sourceTree = "<group>"; };
		CD4CD5C7211D30D3009ABDAF /* ShineViewController.xib */ = {isa = PBXFileReference; lastKnownFileType = file.xib; path = ShineViewController.xib; sourceTree = "<group>"; };
		CD4CD5CC211D4077009ABDAF /* BaseNavigationController.h */ = {isa = PBXFileReference; fileEncoding = 4; lastKnownFileType = sourcecode.c.h; path = BaseNavigationController.h; sourceTree = "<group>"; };
		CD4CD5CD211D4077009ABDAF /* BaseNavigationController.m */ = {isa = PBXFileReference; fileEncoding = 4; lastKnownFileType = sourcecode.c.objc; path = BaseNavigationController.m; sourceTree = "<group>"; };
		CD4CD5D2211D4078009ABDAF /* BasePlaceholerCell.h */ = {isa = PBXFileReference; fileEncoding = 4; lastKnownFileType = sourcecode.c.h; path = BasePlaceholerCell.h; sourceTree = "<group>"; };
		CD4CD5D3211D4078009ABDAF /* BasePlaceholerCell.m */ = {isa = PBXFileReference; fileEncoding = 4; lastKnownFileType = sourcecode.c.objc; path = BasePlaceholerCell.m; sourceTree = "<group>"; };
		CD4CD5D4211D4078009ABDAF /* BasePlaceholerCell.xib */ = {isa = PBXFileReference; fileEncoding = 4; lastKnownFileType = file.xib; path = BasePlaceholerCell.xib; sourceTree = "<group>"; };
		CD4CD5D5211D4078009ABDAF /* BasePlaceholerCellModel.h */ = {isa = PBXFileReference; fileEncoding = 4; lastKnownFileType = sourcecode.c.h; path = BasePlaceholerCellModel.h; sourceTree = "<group>"; };
		CD4CD5D6211D4078009ABDAF /* BasePlaceholerCellModel.m */ = {isa = PBXFileReference; fileEncoding = 4; lastKnownFileType = sourcecode.c.objc; path = BasePlaceholerCellModel.m; sourceTree = "<group>"; };
		CD4CD5D8211D4078009ABDAF /* BaseTitleBigCell.h */ = {isa = PBXFileReference; fileEncoding = 4; lastKnownFileType = sourcecode.c.h; path = BaseTitleBigCell.h; sourceTree = "<group>"; };
		CD4CD5D9211D4078009ABDAF /* BaseTitleBigCell.m */ = {isa = PBXFileReference; fileEncoding = 4; lastKnownFileType = sourcecode.c.objc; path = BaseTitleBigCell.m; sourceTree = "<group>"; };
		CD4CD5DA211D4078009ABDAF /* BaseTitleBigCell.xib */ = {isa = PBXFileReference; fileEncoding = 4; lastKnownFileType = file.xib; path = BaseTitleBigCell.xib; sourceTree = "<group>"; };
		CD4CD5DB211D4078009ABDAF /* BaseTitleBigCellModel.h */ = {isa = PBXFileReference; fileEncoding = 4; lastKnownFileType = sourcecode.c.h; path = BaseTitleBigCellModel.h; sourceTree = "<group>"; };
		CD4CD5DC211D4078009ABDAF /* BaseTitleBigCellModel.m */ = {isa = PBXFileReference; fileEncoding = 4; lastKnownFileType = sourcecode.c.objc; path = BaseTitleBigCellModel.m; sourceTree = "<group>"; };
		CD4CD5DE211D4078009ABDAF /* BaseTitleIndicatorCell.h */ = {isa = PBXFileReference; fileEncoding = 4; lastKnownFileType = sourcecode.c.h; path = BaseTitleIndicatorCell.h; sourceTree = "<group>"; };
		CD4CD5DF211D4078009ABDAF /* BaseTitleIndicatorCell.m */ = {isa = PBXFileReference; fileEncoding = 4; lastKnownFileType = sourcecode.c.objc; path = BaseTitleIndicatorCell.m; sourceTree = "<group>"; };
		CD4CD5E0211D4078009ABDAF /* BaseTitleIndicatorCell.xib */ = {isa = PBXFileReference; fileEncoding = 4; lastKnownFileType = file.xib; path = BaseTitleIndicatorCell.xib; sourceTree = "<group>"; };
		CD4CD5E1211D4078009ABDAF /* BaseTitleIndicatorCellModel.h */ = {isa = PBXFileReference; fileEncoding = 4; lastKnownFileType = sourcecode.c.h; path = BaseTitleIndicatorCellModel.h; sourceTree = "<group>"; };
		CD4CD5E2211D4078009ABDAF /* BaseTitleIndicatorCellModel.m */ = {isa = PBXFileReference; fileEncoding = 4; lastKnownFileType = sourcecode.c.objc; path = BaseTitleIndicatorCellModel.m; sourceTree = "<group>"; };
		CD4CD5E4211D4078009ABDAF /* BaseTitleSwitchCell.h */ = {isa = PBXFileReference; fileEncoding = 4; lastKnownFileType = sourcecode.c.h; path = BaseTitleSwitchCell.h; sourceTree = "<group>"; };
		CD4CD5E5211D4078009ABDAF /* BaseTitleSwitchCell.m */ = {isa = PBXFileReference; fileEncoding = 4; lastKnownFileType = sourcecode.c.objc; path = BaseTitleSwitchCell.m; sourceTree = "<group>"; };
		CD4CD5E6211D4078009ABDAF /* BaseTitleSwitchCell.xib */ = {isa = PBXFileReference; fileEncoding = 4; lastKnownFileType = file.xib; path = BaseTitleSwitchCell.xib; sourceTree = "<group>"; };
		CD4CD5E7211D4078009ABDAF /* BaseTitleSwitchCellModel.h */ = {isa = PBXFileReference; fileEncoding = 4; lastKnownFileType = sourcecode.c.h; path = BaseTitleSwitchCellModel.h; sourceTree = "<group>"; };
		CD4CD5E8211D4078009ABDAF /* BaseTitleSwitchCellModel.m */ = {isa = PBXFileReference; fileEncoding = 4; lastKnownFileType = sourcecode.c.objc; path = BaseTitleSwitchCellModel.m; sourceTree = "<group>"; };
		CD4CD5EA211D4078009ABDAF /* BaseTitleTextFieldCell.h */ = {isa = PBXFileReference; fileEncoding = 4; lastKnownFileType = sourcecode.c.h; path = BaseTitleTextFieldCell.h; sourceTree = "<group>"; };
		CD4CD5EB211D4078009ABDAF /* BaseTitleTextFieldCell.m */ = {isa = PBXFileReference; fileEncoding = 4; lastKnownFileType = sourcecode.c.objc; path = BaseTitleTextFieldCell.m; sourceTree = "<group>"; };
		CD4CD5EC211D4078009ABDAF /* BaseTitleTextFieldCell.xib */ = {isa = PBXFileReference; fileEncoding = 4; lastKnownFileType = file.xib; path = BaseTitleTextFieldCell.xib; sourceTree = "<group>"; };
		CD4CD5ED211D4078009ABDAF /* BaseTitleTextFieldCellModel.h */ = {isa = PBXFileReference; fileEncoding = 4; lastKnownFileType = sourcecode.c.h; path = BaseTitleTextFieldCellModel.h; sourceTree = "<group>"; };
		CD4CD5EE211D4078009ABDAF /* BaseTitleTextFieldCellModel.m */ = {isa = PBXFileReference; fileEncoding = 4; lastKnownFileType = sourcecode.c.objc; path = BaseTitleTextFieldCellModel.m; sourceTree = "<group>"; };
		CD4CD5EF211D4078009ABDAF /* BaseTableViewCell.h */ = {isa = PBXFileReference; fileEncoding = 4; lastKnownFileType = sourcecode.c.h; path = BaseTableViewCell.h; sourceTree = "<group>"; };
		CD4CD5F0211D4078009ABDAF /* BaseTableViewCell.m */ = {isa = PBXFileReference; fileEncoding = 4; lastKnownFileType = sourcecode.c.objc; path = BaseTableViewCell.m; sourceTree = "<group>"; };
		CD4CD5F1211D4078009ABDAF /* BaseTableViewCellModel.h */ = {isa = PBXFileReference; fileEncoding = 4; lastKnownFileType = sourcecode.c.h; path = BaseTableViewCellModel.h; sourceTree = "<group>"; };
		CD4CD5F2211D4078009ABDAF /* BaseTableViewCellModel.m */ = {isa = PBXFileReference; fileEncoding = 4; lastKnownFileType = sourcecode.c.objc; path = BaseTableViewCellModel.m; sourceTree = "<group>"; };
		CD4CD5F3211D4078009ABDAF /* BaseTableViewDelegate.h */ = {isa = PBXFileReference; fileEncoding = 4; lastKnownFileType = sourcecode.c.h; path = BaseTableViewDelegate.h; sourceTree = "<group>"; };
		CD4CD5F4211D4078009ABDAF /* BaseTableViewDelegate.m */ = {isa = PBXFileReference; fileEncoding = 4; lastKnownFileType = sourcecode.c.objc; path = BaseTableViewDelegate.m; sourceTree = "<group>"; };
		CDDEDCFB2122C64C00D57309 /* Leave.h */ = {isa = PBXFileReference; lastKnownFileType = sourcecode.c.h; path = Leave.h; sourceTree = "<group>"; };
		CDDEDCFC2122C6A700D57309 /* Manager.h */ = {isa = PBXFileReference; lastKnownFileType = sourcecode.c.h; path = Manager.h; sourceTree = "<group>"; };
		CDDEDCFD2122C6A700D57309 /* Manager.m */ = {isa = PBXFileReference; lastKnownFileType = sourcecode.c.objc; path = Manager.m; sourceTree = "<group>"; };
		CDDEDCFF2122C6EE00D57309 /* CEO.h */ = {isa = PBXFileReference; lastKnownFileType = sourcecode.c.h; path = CEO.h; sourceTree = "<group>"; };
		CDDEDD002122C6EE00D57309 /* CEO.m */ = {isa = PBXFileReference; lastKnownFileType = sourcecode.c.objc; path = CEO.m; sourceTree = "<group>"; };
		CDDEDD022122C72B00D57309 /* CTO.h */ = {isa = PBXFileReference; lastKnownFileType = sourcecode.c.h; path = CTO.h; sourceTree = "<group>"; };
		CDDEDD032122C72B00D57309 /* CTO.m */ = {isa = PBXFileReference; lastKnownFileType = sourcecode.c.objc; path = CTO.m; sourceTree = "<group>"; };
		CDDEDD052122C74700D57309 /* PM.h */ = {isa = PBXFileReference; lastKnownFileType = sourcecode.c.h; path = PM.h; sourceTree = "<group>"; };
		CDDEDD062122C74700D57309 /* PM.m */ = {isa = PBXFileReference; lastKnownFileType = sourcecode.c.objc; path = PM.m; sourceTree = "<group>"; };
		CDDEDD092122CC8D00D57309 /* CommandProtocol.h */ = {isa = PBXFileReference; lastKnownFileType = sourcecode.c.h; path = CommandProtocol.h; sourceTree = "<group>"; };
		CDDEDD0A2122CD0700D57309 /* Waiter.h */ = {isa = PBXFileReference; lastKnownFileType = sourcecode.c.h; path = Waiter.h; sourceTree = "<group>"; };
		CDDEDD0B2122CD0700D57309 /* Waiter.m */ = {isa = PBXFileReference; lastKnownFileType = sourcecode.c.objc; path = Waiter.m; sourceTree = "<group>"; };
		CDDEDD0D2122D0FB00D57309 /* Cook.h */ = {isa = PBXFileReference; lastKnownFileType = sourcecode.c.h; path = Cook.h; sourceTree = "<group>"; };
		CDDEDD0E2122D0FB00D57309 /* Cook.m */ = {isa = PBXFileReference; lastKnownFileType = sourcecode.c.objc; path = Cook.m; sourceTree = "<group>"; };
		CDDEDD102122D17D00D57309 /* Command.h */ = {isa = PBXFileReference; lastKnownFileType = sourcecode.c.h; path = Command.h; sourceTree = "<group>"; };
		CDDEDD112122D17D00D57309 /* Command.m */ = {isa = PBXFileReference; lastKnownFileType = sourcecode.c.objc; path = Command.m; sourceTree = "<group>"; };
		CDDEDD132122D26200D57309 /* LobsterCommand.h */ = {isa = PBXFileReference; lastKnownFileType = sourcecode.c.h; path = LobsterCommand.h; sourceTree = "<group>"; };
		CDDEDD142122D26200D57309 /* LobsterCommand.m */ = {isa = PBXFileReference; lastKnownFileType = sourcecode.c.objc; path = LobsterCommand.m; sourceTree = "<group>"; };
		CDDEDD162122D2AB00D57309 /* AbaloneCommand.h */ = {isa = PBXFileReference; lastKnownFileType = sourcecode.c.h; path = AbaloneCommand.h; sourceTree = "<group>"; };
		CDDEDD172122D2AB00D57309 /* AbaloneCommand.m */ = {isa = PBXFileReference; lastKnownFileType = sourcecode.c.objc; path = AbaloneCommand.m; sourceTree = "<group>"; };
		CDDEDD192122D31200D57309 /* CommandTests.m */ = {isa = PBXFileReference; lastKnownFileType = sourcecode.c.objc; path = CommandTests.m; sourceTree = "<group>"; };
/* End PBXFileReference section */

/* Begin PBXFrameworksBuildPhase section */
		CD409BEF2109D65800B647AE /* Frameworks */ = {
			isa = PBXFrameworksBuildPhase;
			buildActionMask = 2147483647;
			files = (
			);
			runOnlyForDeploymentPostprocessing = 0;
		};
		CD409C072109D65E00B647AE /* Frameworks */ = {
			isa = PBXFrameworksBuildPhase;
			buildActionMask = 2147483647;
			files = (
			);
			runOnlyForDeploymentPostprocessing = 0;
		};
/* End PBXFrameworksBuildPhase section */

/* Begin PBXGroup section */
		CD0531C5210F033B00740A4B /* Alert */ = {
			isa = PBXGroup;
			children = (
				CD0531C6210F039800740A4B /* EasyAlert.h */,
				CD0531C7210F039800740A4B /* EasyAlert.m */,
			);
			path = Alert;
			sourceTree = "<group>";
		};
		CD409BE92109D65800B647AE = {
			isa = PBXGroup;
			children = (
				CD409BF42109D65800B647AE /* FactoryMethed */,
				CD409C0D2109D65E00B647AE /* FactoryMethedTests */,
				CD409BF32109D65800B647AE /* Products */,
			);
			sourceTree = "<group>";
		};
		CD409BF32109D65800B647AE /* Products */ = {
			isa = PBXGroup;
			children = (
				CD409BF22109D65800B647AE /* FactoryMethed.app */,
				CD409C0A2109D65E00B647AE /* FactoryMethedTests.xctest */,
			);
			name = Products;
			sourceTree = "<group>";
		};
		CD409BF42109D65800B647AE /* FactoryMethed */ = {
			isa = PBXGroup;
			children = (
				CDDEDCF92122C5F600D57309 /* DesignPatterns */,
				CD4CD5CA211D4061009ABDAF /* Base */,
				CD409C602109DD4800B647AE /* VC */,
				CD409C5F2109D90000B647AE /* AppDelegate */,
				CD409C5C2109D8A100B647AE /* Expand */,
				CD409C5B2109D86500B647AE /* FactoryMethed-Prefix.pch */,
				CD409BFE2109D65E00B647AE /* Assets.xcassets */,
				CD409C002109D65E00B647AE /* LaunchScreen.storyboard */,
				CD409C032109D65E00B647AE /* Info.plist */,
				CD409C042109D65E00B647AE /* main.m */,
			);
			path = FactoryMethed;
			sourceTree = "<group>";
		};
		CD409C0D2109D65E00B647AE /* FactoryMethedTests */ = {
			isa = PBXGroup;
			children = (
				CD409C0E2109D65E00B647AE /* ChainOfResponsibility.m */,
				CDDEDD192122D31200D57309 /* CommandTests.m */,
				CD409C102109D65E00B647AE /* Info.plist */,
			);
			path = FactoryMethedTests;
			sourceTree = "<group>";
		};
		CD409C5C2109D8A100B647AE /* Expand */ = {
			isa = PBXGroup;
			children = (
				CD0531C5210F033B00740A4B /* Alert */,
				CD409C6B210AB7F400B647AE /* Tool */,
				CD409C5D2109D8A100B647AE /* Macro */,
			);
			path = Expand;
			sourceTree = "<group>";
		};
		CD409C5D2109D8A100B647AE /* Macro */ = {
			isa = PBXGroup;
			children = (
				CD409C5E2109D8A100B647AE /* UIMacros.h */,
			);
			path = Macro;
			sourceTree = "<group>";
		};
		CD409C5F2109D90000B647AE /* AppDelegate */ = {
			isa = PBXGroup;
			children = (
				CD409BF52109D65800B647AE /* AppDelegate.h */,
				CD409BF62109D65800B647AE /* AppDelegate.m */,
			);
			path = AppDelegate;
			sourceTree = "<group>";
		};
		CD409C602109DD4800B647AE /* VC */ = {
			isa = PBXGroup;
			children = (
				CD4CD609211D5E63009ABDAF /* ShineVC */,
				CD4CD608211D5E4F009ABDAF /* RunLblVC */,
				CD409C72210AEE8900B647AE /* ViewModel */,
				CD409C622109DD5E00B647AE /* Model */,
				CD409C612109DD5700B647AE /* View */,
				CD409BF82109D65800B647AE /* ViewController.h */,
				CD409BF92109D65800B647AE /* ViewController.m */,
				CD409BFB2109D65800B647AE /* Main.storyboard */,
			);
			path = VC;
			sourceTree = "<group>";
		};
		CD409C612109DD5700B647AE /* View */ = {
			isa = PBXGroup;
			children = (
				CD409C63210AB38800B647AE /* FMImageTableViewCell.h */,
				CD409C64210AB38800B647AE /* FMImageTableViewCell.m */,
				CD409C65210AB38800B647AE /* FMImageTableViewCell.xib */,
				CD409C6F210AB8BA00B647AE /* FMMainTableViewDelegate.h */,
				CD409C70210AB8BA00B647AE /* FMMainTableViewDelegate.m */,
				CD4CD5BA211C2D2E009ABDAF /* TView.h */,
				CD4CD5BB211C2D2E009ABDAF /* TView.m */,
				CD4CD5BD211D2985009ABDAF /* RunLabel.h */,
				CD4CD5BE211D2985009ABDAF /* RunLabel.m */,
			);
			path = View;
			sourceTree = "<group>";
		};
		CD409C622109DD5E00B647AE /* Model */ = {
			isa = PBXGroup;
			children = (
				CD409C68210AB76200B647AE /* FMImageTableViewCellModel.h */,
				CD409C69210AB76200B647AE /* FMImageTableViewCellModel.m */,
				CD4CD5B4211BDE5F009ABDAF /* XiaoMing.h */,
				CD4CD5B5211BDE5F009ABDAF /* XiaoMing.m */,
			);
			path = Model;
			sourceTree = "<group>";
		};
		CD409C6B210AB7F400B647AE /* Tool */ = {
			isa = PBXGroup;
			children = (
				CD409C6C210AB80500B647AE /* DAUITool.h */,
				CD409C6D210AB80500B647AE /* DAUITool.m */,
			);
			path = Tool;
			sourceTree = "<group>";
		};
		CD409C72210AEE8900B647AE /* ViewModel */ = {
			isa = PBXGroup;
			children = (
				CD409C73210AEEAA00B647AE /* FMViewModel.h */,
				CD409C74210AEEAA00B647AE /* FMViewModel.m */,
			);
			path = ViewModel;
			sourceTree = "<group>";
		};
		CD4CD5CA211D4061009ABDAF /* Base */ = {
			isa = PBXGroup;
			children = (
				CD4CD5CB211D4077009ABDAF /* BaseNavigationController */,
				CD4CD5CE211D4078009ABDAF /* BaseTableView */,
			);
			path = Base;
			sourceTree = "<group>";
		};
		CD4CD5CB211D4077009ABDAF /* BaseNavigationController */ = {
			isa = PBXGroup;
			children = (
				CD4CD5CC211D4077009ABDAF /* BaseNavigationController.h */,
				CD4CD5CD211D4077009ABDAF /* BaseNavigationController.m */,
			);
			path = BaseNavigationController;
			sourceTree = "<group>";
		};
		CD4CD5CE211D4078009ABDAF /* BaseTableView */ = {
			isa = PBXGroup;
			children = (
				CD4CD5CF211D4078009ABDAF /* BaseCell */,
				CD4CD5EF211D4078009ABDAF /* BaseTableViewCell.h */,
				CD4CD5F0211D4078009ABDAF /* BaseTableViewCell.m */,
				CD4CD5F1211D4078009ABDAF /* BaseTableViewCellModel.h */,
				CD4CD5F2211D4078009ABDAF /* BaseTableViewCellModel.m */,
				CD4CD5F3211D4078009ABDAF /* BaseTableViewDelegate.h */,
				CD4CD5F4211D4078009ABDAF /* BaseTableViewDelegate.m */,
			);
			path = BaseTableView;
			sourceTree = "<group>";
		};
		CD4CD5CF211D4078009ABDAF /* BaseCell */ = {
			isa = PBXGroup;
			children = (
				CD4CD5D0211D4078009ABDAF /* ImageCell */,
				CD4CD5D1211D4078009ABDAF /* PlaceholderCell */,
				CD4CD5D7211D4078009ABDAF /* TitleBigCell */,
				CD4CD5DD211D4078009ABDAF /* TitleIndicatorCell */,
				CD4CD5E3211D4078009ABDAF /* TitleSwitchCell */,
				CD4CD5E9211D4078009ABDAF /* TitleTextFieldCell */,
			);
			path = BaseCell;
			sourceTree = "<group>";
		};
		CD4CD5D0211D4078009ABDAF /* ImageCell */ = {
			isa = PBXGroup;
			children = (
			);
			path = ImageCell;
			sourceTree = "<group>";
		};
		CD4CD5D1211D4078009ABDAF /* PlaceholderCell */ = {
			isa = PBXGroup;
			children = (
				CD4CD5D2211D4078009ABDAF /* BasePlaceholerCell.h */,
				CD4CD5D3211D4078009ABDAF /* BasePlaceholerCell.m */,
				CD4CD5D4211D4078009ABDAF /* BasePlaceholerCell.xib */,
				CD4CD5D5211D4078009ABDAF /* BasePlaceholerCellModel.h */,
				CD4CD5D6211D4078009ABDAF /* BasePlaceholerCellModel.m */,
			);
			path = PlaceholderCell;
			sourceTree = "<group>";
		};
		CD4CD5D7211D4078009ABDAF /* TitleBigCell */ = {
			isa = PBXGroup;
			children = (
				CD4CD5D8211D4078009ABDAF /* BaseTitleBigCell.h */,
				CD4CD5D9211D4078009ABDAF /* BaseTitleBigCell.m */,
				CD4CD5DA211D4078009ABDAF /* BaseTitleBigCell.xib */,
				CD4CD5DB211D4078009ABDAF /* BaseTitleBigCellModel.h */,
				CD4CD5DC211D4078009ABDAF /* BaseTitleBigCellModel.m */,
			);
			path = TitleBigCell;
			sourceTree = "<group>";
		};
		CD4CD5DD211D4078009ABDAF /* TitleIndicatorCell */ = {
			isa = PBXGroup;
			children = (
				CD4CD5DE211D4078009ABDAF /* BaseTitleIndicatorCell.h */,
				CD4CD5DF211D4078009ABDAF /* BaseTitleIndicatorCell.m */,
				CD4CD5E0211D4078009ABDAF /* BaseTitleIndicatorCell.xib */,
				CD4CD5E1211D4078009ABDAF /* BaseTitleIndicatorCellModel.h */,
				CD4CD5E2211D4078009ABDAF /* BaseTitleIndicatorCellModel.m */,
			);
			path = TitleIndicatorCell;
			sourceTree = "<group>";
		};
		CD4CD5E3211D4078009ABDAF /* TitleSwitchCell */ = {
			isa = PBXGroup;
			children = (
				CD4CD5E4211D4078009ABDAF /* BaseTitleSwitchCell.h */,
				CD4CD5E5211D4078009ABDAF /* BaseTitleSwitchCell.m */,
				CD4CD5E6211D4078009ABDAF /* BaseTitleSwitchCell.xib */,
				CD4CD5E7211D4078009ABDAF /* BaseTitleSwitchCellModel.h */,
				CD4CD5E8211D4078009ABDAF /* BaseTitleSwitchCellModel.m */,
			);
			path = TitleSwitchCell;
			sourceTree = "<group>";
		};
		CD4CD5E9211D4078009ABDAF /* TitleTextFieldCell */ = {
			isa = PBXGroup;
			children = (
				CD4CD5EA211D4078009ABDAF /* BaseTitleTextFieldCell.h */,
				CD4CD5EB211D4078009ABDAF /* BaseTitleTextFieldCell.m */,
				CD4CD5EC211D4078009ABDAF /* BaseTitleTextFieldCell.xib */,
				CD4CD5ED211D4078009ABDAF /* BaseTitleTextFieldCellModel.h */,
				CD4CD5EE211D4078009ABDAF /* BaseTitleTextFieldCellModel.m */,
			);
			path = TitleTextFieldCell;
			sourceTree = "<group>";
		};
		CD4CD608211D5E4F009ABDAF /* RunLblVC */ = {
			isa = PBXGroup;
			children = (
				CD4CD5C0211D2E6E009ABDAF /* RunLblViewController.h */,
				CD4CD5C1211D2E6E009ABDAF /* RunLblViewController.m */,
				CD4CD5C2211D2E6E009ABDAF /* RunLblViewController.xib */,
			);
			path = RunLblVC;
			sourceTree = "<group>";
		};
		CD4CD609211D5E63009ABDAF /* ShineVC */ = {
			isa = PBXGroup;
			children = (
				CD4CD5C5211D30D3009ABDAF /* ShineViewController.h */,
				CD4CD5C6211D30D3009ABDAF /* ShineViewController.m */,
				CD4CD5C7211D30D3009ABDAF /* ShineViewController.xib */,
			);
			path = ShineVC;
			sourceTree = "<group>";
		};
		CDDEDCF92122C5F600D57309 /* DesignPatterns */ = {
			isa = PBXGroup;
			children = (
				CDDEDD082122CC6A00D57309 /* Command */,
				CDDEDCFA2122C61100D57309 /* ChainOfResponsibility */,
			);
			path = DesignPatterns;
			sourceTree = "<group>";
		};
		CDDEDCFA2122C61100D57309 /* ChainOfResponsibility */ = {
			isa = PBXGroup;
			children = (
				CDDEDCFB2122C64C00D57309 /* Leave.h */,
				CDDEDCFC2122C6A700D57309 /* Manager.h */,
				CDDEDCFD2122C6A700D57309 /* Manager.m */,
				CDDEDCFF2122C6EE00D57309 /* CEO.h */,
				CDDEDD002122C6EE00D57309 /* CEO.m */,
				CDDEDD022122C72B00D57309 /* CTO.h */,
				CDDEDD032122C72B00D57309 /* CTO.m */,
				CDDEDD052122C74700D57309 /* PM.h */,
				CDDEDD062122C74700D57309 /* PM.m */,
			);
			path = ChainOfResponsibility;
			sourceTree = "<group>";
		};
		CDDEDD082122CC6A00D57309 /* Command */ = {
			isa = PBXGroup;
			children = (
				CDDEDD092122CC8D00D57309 /* CommandProtocol.h */,
				CDDEDD0A2122CD0700D57309 /* Waiter.h */,
				CDDEDD0B2122CD0700D57309 /* Waiter.m */,
				CDDEDD0D2122D0FB00D57309 /* Cook.h */,
				CDDEDD0E2122D0FB00D57309 /* Cook.m */,
				CDDEDD102122D17D00D57309 /* Command.h */,
				CDDEDD112122D17D00D57309 /* Command.m */,
				CDDEDD132122D26200D57309 /* LobsterCommand.h */,
				CDDEDD142122D26200D57309 /* LobsterCommand.m */,
				CDDEDD162122D2AB00D57309 /* AbaloneCommand.h */,
				CDDEDD172122D2AB00D57309 /* AbaloneCommand.m */,
			);
			path = Command;
			sourceTree = "<group>";
		};
/* End PBXGroup section */

/* Begin PBXNativeTarget section */
		CD409BF12109D65800B647AE /* FactoryMethed */ = {
			isa = PBXNativeTarget;
			buildConfigurationList = CD409C132109D65E00B647AE /* Build configuration list for PBXNativeTarget "FactoryMethed" */;
			buildPhases = (
				CD409BEE2109D65800B647AE /* Sources */,
				CD409BEF2109D65800B647AE /* Frameworks */,
				CD409BF02109D65800B647AE /* Resources */,
			);
			buildRules = (
			);
			dependencies = (
			);
			name = FactoryMethed;
			productName = FactoryMethed;
			productReference = CD409BF22109D65800B647AE /* FactoryMethed.app */;
			productType = "com.apple.product-type.application";
		};
		CD409C092109D65E00B647AE /* FactoryMethedTests */ = {
			isa = PBXNativeTarget;
			buildConfigurationList = CD409C162109D65E00B647AE /* Build configuration list for PBXNativeTarget "FactoryMethedTests" */;
			buildPhases = (
				CD409C062109D65E00B647AE /* Sources */,
				CD409C072109D65E00B647AE /* Frameworks */,
				CD409C082109D65E00B647AE /* Resources */,
			);
			buildRules = (
			);
			dependencies = (
				CD409C0C2109D65E00B647AE /* PBXTargetDependency */,
			);
			name = FactoryMethedTests;
			productName = FactoryMethedTests;
			productReference = CD409C0A2109D65E00B647AE /* FactoryMethedTests.xctest */;
			productType = "com.apple.product-type.bundle.unit-test";
		};
/* End PBXNativeTarget section */

/* Begin PBXProject section */
		CD409BEA2109D65800B647AE /* Project object */ = {
			isa = PBXProject;
			attributes = {
				LastUpgradeCheck = 0930;
				ORGANIZATIONNAME = qianpanpan;
				TargetAttributes = {
					CD409BF12109D65800B647AE = {
						CreatedOnToolsVersion = 9.3.1;
					};
					CD409C092109D65E00B647AE = {
						CreatedOnToolsVersion = 9.3.1;
						TestTargetID = CD409BF12109D65800B647AE;
					};
				};
			};
			buildConfigurationList = CD409BED2109D65800B647AE /* Build configuration list for PBXProject "FactoryMethed" */;
			compatibilityVersion = "Xcode 9.3";
			developmentRegion = en;
			hasScannedForEncodings = 0;
			knownRegions = (
				en,
				Base,
			);
			mainGroup = CD409BE92109D65800B647AE;
			productRefGroup = CD409BF32109D65800B647AE /* Products */;
			projectDirPath = "";
			projectRoot = "";
			targets = (
				CD409BF12109D65800B647AE /* FactoryMethed */,
				CD409C092109D65E00B647AE /* FactoryMethedTests */,
			);
		};
/* End PBXProject section */

/* Begin PBXResourcesBuildPhase section */
		CD409BF02109D65800B647AE /* Resources */ = {
			isa = PBXResourcesBuildPhase;
			buildActionMask = 2147483647;
			files = (
				CD4CD5F7211D4078009ABDAF /* BasePlaceholerCell.xib in Resources */,
				CD409C022109D65E00B647AE /* LaunchScreen.storyboard in Resources */,
				CD4CD5FD211D4078009ABDAF /* BaseTitleIndicatorCell.xib in Resources */,
				CD409BFF2109D65E00B647AE /* Assets.xcassets in Resources */,
				CD4CD5C9211D30D3009ABDAF /* ShineViewController.xib in Resources */,
				CD4CD600211D4078009ABDAF /* BaseTitleSwitchCell.xib in Resources */,
				CD4CD5FA211D4078009ABDAF /* BaseTitleBigCell.xib in Resources */,
				CD409BFD2109D65800B647AE /* Main.storyboard in Resources */,
				CD4CD603211D4078009ABDAF /* BaseTitleTextFieldCell.xib in Resources */,
				CD4CD5C4211D2E6E009ABDAF /* RunLblViewController.xib in Resources */,
				CD409C67210AB38800B647AE /* FMImageTableViewCell.xib in Resources */,
			);
			runOnlyForDeploymentPostprocessing = 0;
		};
		CD409C082109D65E00B647AE /* Resources */ = {
			isa = PBXResourcesBuildPhase;
			buildActionMask = 2147483647;
			files = (
			);
			runOnlyForDeploymentPostprocessing = 0;
		};
/* End PBXResourcesBuildPhase section */

/* Begin PBXSourcesBuildPhase section */
		CD409BEE2109D65800B647AE /* Sources */ = {
			isa = PBXSourcesBuildPhase;
			buildActionMask = 2147483647;
			files = (
				CD409BFA2109D65800B647AE /* ViewController.m in Sources */,
				CD0531C8210F039800740A4B /* EasyAlert.m in Sources */,
				CD4CD604211D4078009ABDAF /* BaseTitleTextFieldCellModel.m in Sources */,
				CDDEDD012122C6EE00D57309 /* CEO.m in Sources */,
				CD409C6A210AB76200B647AE /* FMImageTableViewCellModel.m in Sources */,
				CD4CD5BC211C2D2E009ABDAF /* TView.m in Sources */,
				CDDEDD042122C72B00D57309 /* CTO.m in Sources */,
				CD4CD601211D4078009ABDAF /* BaseTitleSwitchCellModel.m in Sources */,
				CD4CD5C3211D2E6E009ABDAF /* RunLblViewController.m in Sources */,
				CD409C71210AB8BA00B647AE /* FMMainTableViewDelegate.m in Sources */,
				CDDEDCFE2122C6A700D57309 /* Manager.m in Sources */,
				CD4CD605211D4078009ABDAF /* BaseTableViewCell.m in Sources */,
				CD4CD5C8211D30D3009ABDAF /* ShineViewController.m in Sources */,
				CD4CD5BF211D2985009ABDAF /* RunLabel.m in Sources */,
				CD4CD5F9211D4078009ABDAF /* BaseTitleBigCell.m in Sources */,
				CD4CD5B6211BDE5F009ABDAF /* XiaoMing.m in Sources */,
				CD4CD5F6211D4078009ABDAF /* BasePlaceholerCell.m in Sources */,
				CDDEDD0F2122D0FB00D57309 /* Cook.m in Sources */,
				CD4CD5FE211D4078009ABDAF /* BaseTitleIndicatorCellModel.m in Sources */,
				CD409C75210AEEAA00B647AE /* FMViewModel.m in Sources */,
				CD4CD5F8211D4078009ABDAF /* BasePlaceholerCellModel.m in Sources */,
				CDDEDD182122D2AB00D57309 /* AbaloneCommand.m in Sources */,
				CD409C052109D65E00B647AE /* main.m in Sources */,
				CD409BF72109D65800B647AE /* AppDelegate.m in Sources */,
				CD4CD602211D4078009ABDAF /* BaseTitleTextFieldCell.m in Sources */,
				CDDEDD122122D17D00D57309 /* Command.m in Sources */,
				CD4CD606211D4078009ABDAF /* BaseTableViewCellModel.m in Sources */,
				CD4CD5FB211D4078009ABDAF /* BaseTitleBigCellModel.m in Sources */,
				CD409C6E210AB80500B647AE /* DAUITool.m in Sources */,
				CD4CD607211D4078009ABDAF /* BaseTableViewDelegate.m in Sources */,
				CDDEDD152122D26200D57309 /* LobsterCommand.m in Sources */,
				CD4CD5FC211D4078009ABDAF /* BaseTitleIndicatorCell.m in Sources */,
				CDDEDD072122C74700D57309 /* PM.m in Sources */,
				CD409C66210AB38800B647AE /* FMImageTableViewCell.m in Sources */,
				CD4CD5F5211D4078009ABDAF /* BaseNavigationController.m in Sources */,
				CDDEDD0C2122CD0700D57309 /* Waiter.m in Sources */,
				CD4CD5FF211D4078009ABDAF /* BaseTitleSwitchCell.m in Sources */,
			);
			runOnlyForDeploymentPostprocessing = 0;
		};
		CD409C062109D65E00B647AE /* Sources */ = {
			isa = PBXSourcesBuildPhase;
			buildActionMask = 2147483647;
			files = (
				CD409C0F2109D65E00B647AE /* ChainOfResponsibility.m in Sources */,
				CDDEDD1A2122D31200D57309 /* CommandTests.m in Sources */,
			);
			runOnlyForDeploymentPostprocessing = 0;
		};
/* End PBXSourcesBuildPhase section */

/* Begin PBXTargetDependency section */
		CD409C0C2109D65E00B647AE /* PBXTargetDependency */ = {
			isa = PBXTargetDependency;
			target = CD409BF12109D65800B647AE /* FactoryMethed */;
			targetProxy = CD409C0B2109D65E00B647AE /* PBXContainerItemProxy */;
		};
/* End PBXTargetDependency section */

/* Begin PBXVariantGroup section */
		CD409BFB2109D65800B647AE /* Main.storyboard */ = {
			isa = PBXVariantGroup;
			children = (
				CD409BFC2109D65800B647AE /* Base */,
			);
			name = Main.storyboard;
			sourceTree = "<group>";
		};
		CD409C002109D65E00B647AE /* LaunchScreen.storyboard */ = {
			isa = PBXVariantGroup;
			children = (
				CD409C012109D65E00B647AE /* Base */,
			);
			name = LaunchScreen.storyboard;
			sourceTree = "<group>";
		};
/* End PBXVariantGroup section */

/* Begin XCBuildConfiguration section */
		CD409C112109D65E00B647AE /* Debug */ = {
			isa = XCBuildConfiguration;
			buildSettings = {
				ALWAYS_SEARCH_USER_PATHS = NO;
				CLANG_ANALYZER_NONNULL = YES;
				CLANG_ANALYZER_NUMBER_OBJECT_CONVERSION = YES_AGGRESSIVE;
				CLANG_CXX_LANGUAGE_STANDARD = "gnu++14";
				CLANG_CXX_LIBRARY = "libc++";
				CLANG_ENABLE_MODULES = YES;
				CLANG_ENABLE_OBJC_ARC = YES;
				CLANG_ENABLE_OBJC_WEAK = YES;
				CLANG_WARN_BLOCK_CAPTURE_AUTORELEASING = YES;
				CLANG_WARN_BOOL_CONVERSION = YES;
				CLANG_WARN_COMMA = YES;
				CLANG_WARN_CONSTANT_CONVERSION = YES;
				CLANG_WARN_DEPRECATED_OBJC_IMPLEMENTATIONS = YES;
				CLANG_WARN_DIRECT_OBJC_ISA_USAGE = YES_ERROR;
				CLANG_WARN_DOCUMENTATION_COMMENTS = YES;
				CLANG_WARN_EMPTY_BODY = YES;
				CLANG_WARN_ENUM_CONVERSION = YES;
				CLANG_WARN_INFINITE_RECURSION = YES;
				CLANG_WARN_INT_CONVERSION = YES;
				CLANG_WARN_NON_LITERAL_NULL_CONVERSION = YES;
				CLANG_WARN_OBJC_IMPLICIT_RETAIN_SELF = YES;
				CLANG_WARN_OBJC_LITERAL_CONVERSION = YES;
				CLANG_WARN_OBJC_ROOT_CLASS = YES_ERROR;
				CLANG_WARN_RANGE_LOOP_ANALYSIS = YES;
				CLANG_WARN_STRICT_PROTOTYPES = YES;
				CLANG_WARN_SUSPICIOUS_MOVE = YES;
				CLANG_WARN_UNGUARDED_AVAILABILITY = YES_AGGRESSIVE;
				CLANG_WARN_UNREACHABLE_CODE = YES;
				CLANG_WARN__DUPLICATE_METHOD_MATCH = YES;
				CODE_SIGN_IDENTITY = "iPhone Developer";
				COPY_PHASE_STRIP = NO;
				DEBUG_INFORMATION_FORMAT = dwarf;
				ENABLE_STRICT_OBJC_MSGSEND = YES;
				ENABLE_TESTABILITY = YES;
				GCC_C_LANGUAGE_STANDARD = gnu11;
				GCC_DYNAMIC_NO_PIC = NO;
				GCC_NO_COMMON_BLOCKS = YES;
				GCC_OPTIMIZATION_LEVEL = 0;
				GCC_PREPROCESSOR_DEFINITIONS = (
					"DEBUG=1",
					"$(inherited)",
				);
				GCC_WARN_64_TO_32_BIT_CONVERSION = YES;
				GCC_WARN_ABOUT_RETURN_TYPE = YES_ERROR;
				GCC_WARN_UNDECLARED_SELECTOR = YES;
				GCC_WARN_UNINITIALIZED_AUTOS = YES_AGGRESSIVE;
				GCC_WARN_UNUSED_FUNCTION = YES;
				GCC_WARN_UNUSED_VARIABLE = YES;
				IPHONEOS_DEPLOYMENT_TARGET = 9.0;
				MTL_ENABLE_DEBUG_INFO = YES;
				ONLY_ACTIVE_ARCH = YES;
				SDKROOT = iphoneos;
			};
			name = Debug;
		};
		CD409C122109D65E00B647AE /* Release */ = {
			isa = XCBuildConfiguration;
			buildSettings = {
				ALWAYS_SEARCH_USER_PATHS = NO;
				CLANG_ANALYZER_NONNULL = YES;
				CLANG_ANALYZER_NUMBER_OBJECT_CONVERSION = YES_AGGRESSIVE;
				CLANG_CXX_LANGUAGE_STANDARD = "gnu++14";
				CLANG_CXX_LIBRARY = "libc++";
				CLANG_ENABLE_MODULES = YES;
				CLANG_ENABLE_OBJC_ARC = YES;
				CLANG_ENABLE_OBJC_WEAK = YES;
				CLANG_WARN_BLOCK_CAPTURE_AUTORELEASING = YES;
				CLANG_WARN_BOOL_CONVERSION = YES;
				CLANG_WARN_COMMA = YES;
				CLANG_WARN_CONSTANT_CONVERSION = YES;
				CLANG_WARN_DEPRECATED_OBJC_IMPLEMENTATIONS = YES;
				CLANG_WARN_DIRECT_OBJC_ISA_USAGE = YES_ERROR;
				CLANG_WARN_DOCUMENTATION_COMMENTS = YES;
				CLANG_WARN_EMPTY_BODY = YES;
				CLANG_WARN_ENUM_CONVERSION = YES;
				CLANG_WARN_INFINITE_RECURSION = YES;
				CLANG_WARN_INT_CONVERSION = YES;
				CLANG_WARN_NON_LITERAL_NULL_CONVERSION = YES;
				CLANG_WARN_OBJC_IMPLICIT_RETAIN_SELF = YES;
				CLANG_WARN_OBJC_LITERAL_CONVERSION = YES;
				CLANG_WARN_OBJC_ROOT_CLASS = YES_ERROR;
				CLANG_WARN_RANGE_LOOP_ANALYSIS = YES;
				CLANG_WARN_STRICT_PROTOTYPES = YES;
				CLANG_WARN_SUSPICIOUS_MOVE = YES;
				CLANG_WARN_UNGUARDED_AVAILABILITY = YES_AGGRESSIVE;
				CLANG_WARN_UNREACHABLE_CODE = YES;
				CLANG_WARN__DUPLICATE_METHOD_MATCH = YES;
				CODE_SIGN_IDENTITY = "iPhone Developer";
				COPY_PHASE_STRIP = NO;
				DEBUG_INFORMATION_FORMAT = "dwarf-with-dsym";
				ENABLE_NS_ASSERTIONS = NO;
				ENABLE_STRICT_OBJC_MSGSEND = YES;
				GCC_C_LANGUAGE_STANDARD = gnu11;
				GCC_NO_COMMON_BLOCKS = YES;
				GCC_WARN_64_TO_32_BIT_CONVERSION = YES;
				GCC_WARN_ABOUT_RETURN_TYPE = YES_ERROR;
				GCC_WARN_UNDECLARED_SELECTOR = YES;
				GCC_WARN_UNINITIALIZED_AUTOS = YES_AGGRESSIVE;
				GCC_WARN_UNUSED_FUNCTION = YES;
				GCC_WARN_UNUSED_VARIABLE = YES;
				IPHONEOS_DEPLOYMENT_TARGET = 9.0;
				MTL_ENABLE_DEBUG_INFO = NO;
				SDKROOT = iphoneos;
				VALIDATE_PRODUCT = YES;
			};
			name = Release;
		};
		CD409C142109D65E00B647AE /* Debug */ = {
			isa = XCBuildConfiguration;
			buildSettings = {
				ASSETCATALOG_COMPILER_APPICON_NAME = AppIcon;
				CODE_SIGN_STYLE = Automatic;
				GCC_PREFIX_HEADER = "$(SRCROOT)/FactoryMethed/FactoryMethed-Prefix.pch";
				INFOPLIST_FILE = FactoryMethed/Info.plist;
				LD_RUNPATH_SEARCH_PATHS = (
					"$(inherited)",
					"@executable_path/Frameworks",
				);
				PRODUCT_BUNDLE_IDENTIFIER = com.Shanghai.FactoryMethed.FactoryMethed;
				PRODUCT_NAME = "$(TARGET_NAME)";
				TARGETED_DEVICE_FAMILY = "1,2";
			};
			name = Debug;
		};
		CD409C152109D65E00B647AE /* Release */ = {
			isa = XCBuildConfiguration;
			buildSettings = {
				ASSETCATALOG_COMPILER_APPICON_NAME = AppIcon;
				CODE_SIGN_STYLE = Automatic;
				GCC_PREFIX_HEADER = "$(SRCROOT)/FactoryMethed/FactoryMethed-Prefix.pch";
				INFOPLIST_FILE = FactoryMethed/Info.plist;
				LD_RUNPATH_SEARCH_PATHS = (
					"$(inherited)",
					"@executable_path/Frameworks",
				);
				PRODUCT_BUNDLE_IDENTIFIER = com.Shanghai.FactoryMethed.FactoryMethed;
				PRODUCT_NAME = "$(TARGET_NAME)";
				TARGETED_DEVICE_FAMILY = "1,2";
			};
			name = Release;
		};
		CD409C172109D65E00B647AE /* Debug */ = {
			isa = XCBuildConfiguration;
			buildSettings = {
				BUNDLE_LOADER = "$(TEST_HOST)";
				CODE_SIGN_STYLE = Automatic;
				INFOPLIST_FILE = FactoryMethedTests/Info.plist;
				LD_RUNPATH_SEARCH_PATHS = (
					"$(inherited)",
					"@executable_path/Frameworks",
					"@loader_path/Frameworks",
				);
				PRODUCT_BUNDLE_IDENTIFIER = com.Shanghai.FactoryMethed.FactoryMethedTests;
				PRODUCT_NAME = "$(TARGET_NAME)";
				TARGETED_DEVICE_FAMILY = "1,2";
				TEST_HOST = "$(BUILT_PRODUCTS_DIR)/FactoryMethed.app/FactoryMethed";
			};
			name = Debug;
		};
		CD409C182109D65E00B647AE /* Release */ = {
			isa = XCBuildConfiguration;
			buildSettings = {
				BUNDLE_LOADER = "$(TEST_HOST)";
				CODE_SIGN_STYLE = Automatic;
				INFOPLIST_FILE = FactoryMethedTests/Info.plist;
				LD_RUNPATH_SEARCH_PATHS = (
					"$(inherited)",
					"@executable_path/Frameworks",
					"@loader_path/Frameworks",
				);
				PRODUCT_BUNDLE_IDENTIFIER = com.Shanghai.FactoryMethed.FactoryMethedTests;
				PRODUCT_NAME = "$(TARGET_NAME)";
				TARGETED_DEVICE_FAMILY = "1,2";
				TEST_HOST = "$(BUILT_PRODUCTS_DIR)/FactoryMethed.app/FactoryMethed";
			};
			name = Release;
		};
/* End XCBuildConfiguration section */

/* Begin XCConfigurationList section */
		CD409BED2109D65800B647AE /* Build configuration list for PBXProject "FactoryMethed" */ = {
			isa = XCConfigurationList;
			buildConfigurations = (
				CD409C112109D65E00B647AE /* Debug */,
				CD409C122109D65E00B647AE /* Release */,
			);
			defaultConfigurationIsVisible = 0;
			defaultConfigurationName = Release;
		};
		CD409C132109D65E00B647AE /* Build configuration list for PBXNativeTarget "FactoryMethed" */ = {
			isa = XCConfigurationList;
			buildConfigurations = (
				CD409C142109D65E00B647AE /* Debug */,
				CD409C152109D65E00B647AE /* Release */,
			);
			defaultConfigurationIsVisible = 0;
			defaultConfigurationName = Release;
		};
		CD409C162109D65E00B647AE /* Build configuration list for PBXNativeTarget "FactoryMethedTests" */ = {
			isa = XCConfigurationList;
			buildConfigurations = (
				CD409C172109D65E00B647AE /* Debug */,
				CD409C182109D65E00B647AE /* Release */,
			);
			defaultConfigurationIsVisible = 0;
			defaultConfigurationName = Release;
		};
/* End XCConfigurationList section */
	};
	rootObject = CD409BEA2109D65800B647AE /* Project object */;
}
